// !$*UTF8*$!
{
	archiveVersion = 1;
	classes = {
	};
	objectVersion = 46;
	objects = {

/* Begin PBXBuildFile section */
		19922B0F0F9E0D6D0210F475 /* libPods.a in Frameworks */ = {isa = PBXBuildFile; fileRef = FD413A25A05B885DF0489769 /* libPods.a */; };
		8005A9D71AE6370700A1822F /* image.jpg in Resources */ = {isa = PBXBuildFile; fileRef = 8005A9D61AE6370700A1822F /* image.jpg */; };
		801F7A091AD384390095BE17 /* FontAwesome.ttf in Resources */ = {isa = PBXBuildFile; fileRef = 801F7A041AD384390095BE17 /* FontAwesome.ttf */; };
		801F7A0A1AD384390095BE17 /* NSString+FontAwesome.m in Sources */ = {isa = PBXBuildFile; fileRef = 801F7A061AD384390095BE17 /* NSString+FontAwesome.m */; };
		801F7A0B1AD384390095BE17 /* UIButton+Bootstrap.m in Sources */ = {isa = PBXBuildFile; fileRef = 801F7A081AD384390095BE17 /* UIButton+Bootstrap.m */; };
		801F7A0F1AD3B3630095BE17 /* HelpViewController.m in Sources */ = {isa = PBXBuildFile; fileRef = 801F7A0E1AD3B3630095BE17 /* HelpViewController.m */; };
		80241B9D1AEF59D90064309D /* 1.JPG in Resources */ = {isa = PBXBuildFile; fileRef = 80241B961AEF59D90064309D /* 1.JPG */; };
		80241B9E1AEF59D90064309D /* 2.JPG in Resources */ = {isa = PBXBuildFile; fileRef = 80241B971AEF59D90064309D /* 2.JPG */; };
		80241B9F1AEF59D90064309D /* 3.JPG in Resources */ = {isa = PBXBuildFile; fileRef = 80241B981AEF59D90064309D /* 3.JPG */; };
		80241BA01AEF59D90064309D /* 4.JPG in Resources */ = {isa = PBXBuildFile; fileRef = 80241B991AEF59D90064309D /* 4.JPG */; };
		80241BA11AEF59D90064309D /* 5.JPG in Resources */ = {isa = PBXBuildFile; fileRef = 80241B9A1AEF59D90064309D /* 5.JPG */; };
		80241BA21AEF59D90064309D /* 6.JPG in Resources */ = {isa = PBXBuildFile; fileRef = 80241B9B1AEF59D90064309D /* 6.JPG */; };
		80241BA31AEF59D90064309D /* 7.JPG in Resources */ = {isa = PBXBuildFile; fileRef = 80241B9C1AEF59D90064309D /* 7.JPG */; };
		807019291A762CEB00B599C0 /* CameraView.m in Sources */ = {isa = PBXBuildFile; fileRef = 807019281A762CEB00B599C0 /* CameraView.m */; };
		807BCBB31AC2A015007E23E2 /* DJISDK.framework in Frameworks */ = {isa = PBXBuildFile; fileRef = 807BCBB21AC2A015007E23E2 /* DJISDK.framework */; };
		807C68FE1AE626C9002C9341 /* test.JPG in Resources */ = {isa = PBXBuildFile; fileRef = 807C68FD1AE626C9002C9341 /* test.JPG */; };
		807C69001AE62D2C002C9341 /* ProcessController.m in Sources */ = {isa = PBXBuildFile; fileRef = 807C68FF1AE62D2C002C9341 /* ProcessController.m */; };
		8090FABB1ACD2B000011D83C /* opencv2.framework in Frameworks */ = {isa = PBXBuildFile; fileRef = 8090FABA1ACD2B000011D83C /* opencv2.framework */; };
		8090FAC51ACD2B8B0011D83C /* Accelerate.framework in Frameworks */ = {isa = PBXBuildFile; fileRef = 8090FABC1ACD2B8A0011D83C /* Accelerate.framework */; };
		8090FAC61ACD2B8B0011D83C /* AssetsLibrary.framework in Frameworks */ = {isa = PBXBuildFile; fileRef = 8090FABD1ACD2B8A0011D83C /* AssetsLibrary.framework */; };
		8090FAC71ACD2B8B0011D83C /* AVFoundation.framework in Frameworks */ = {isa = PBXBuildFile; fileRef = 8090FABE1ACD2B8A0011D83C /* AVFoundation.framework */; };
		8090FAC81ACD2B8B0011D83C /* CoreGraphics.framework in Frameworks */ = {isa = PBXBuildFile; fileRef = 8090FABF1ACD2B8A0011D83C /* CoreGraphics.framework */; };
		8090FAC91ACD2B8B0011D83C /* CoreImage.framework in Frameworks */ = {isa = PBXBuildFile; fileRef = 8090FAC01ACD2B8B0011D83C /* CoreImage.framework */; };
		8090FACA1ACD2B8B0011D83C /* CoreMedia.framework in Frameworks */ = {isa = PBXBuildFile; fileRef = 8090FAC11ACD2B8B0011D83C /* CoreMedia.framework */; };
		8090FACB1ACD2B8B0011D83C /* ImageIO.framework in Frameworks */ = {isa = PBXBuildFile; fileRef = 8090FAC21ACD2B8B0011D83C /* ImageIO.framework */; };
		8090FACC1ACD2B8B0011D83C /* libxml2.dylib in Frameworks */ = {isa = PBXBuildFile; fileRef = 8090FAC31ACD2B8B0011D83C /* libxml2.dylib */; };
		8090FACD1ACD2B8B0011D83C /* QuartzCore.framework in Frameworks */ = {isa = PBXBuildFile; fileRef = 8090FAC41ACD2B8B0011D83C /* QuartzCore.framework */; };
		8090FAD61ACD2BD70011D83C /* UIImage+OpenCV.mm in Sources */ = {isa = PBXBuildFile; fileRef = 8090FAD11ACD2BD70011D83C /* UIImage+OpenCV.mm */; };
		8090FAD71ACD2BD70011D83C /* CVWrapper.mm in Sources */ = {isa = PBXBuildFile; fileRef = 8090FAD31ACD2BD70011D83C /* CVWrapper.mm */; };
		8090FAD81ACD2BD70011D83C /* stitching.cpp in Sources */ = {isa = PBXBuildFile; fileRef = 8090FAD41ACD2BD70011D83C /* stitching.cpp */; };
		8090FAFC1ACD2E6B0011D83C /* libjpeg.a in Frameworks */ = {isa = PBXBuildFile; fileRef = 8090FAF71ACD2E6B0011D83C /* libjpeg.a */; };
		8090FAFD1ACD2E6B0011D83C /* libMagickCore.a in Frameworks */ = {isa = PBXBuildFile; fileRef = 8090FAF81ACD2E6B0011D83C /* libMagickCore.a */; };
		8090FAFE1ACD2E6B0011D83C /* libMagickWand.a in Frameworks */ = {isa = PBXBuildFile; fileRef = 8090FAF91ACD2E6B0011D83C /* libMagickWand.a */; };
		8090FAFF1ACD2E6B0011D83C /* libpng.a in Frameworks */ = {isa = PBXBuildFile; fileRef = 8090FAFA1ACD2E6B0011D83C /* libpng.a */; };
		8090FB001ACD2E6B0011D83C /* libtiff.a in Frameworks */ = {isa = PBXBuildFile; fileRef = 8090FAFB1ACD2E6B0011D83C /* libtiff.a */; };
		8090FB061ACD31E10011D83C /* IM in Resources */ = {isa = PBXBuildFile; fileRef = 8090FB051ACD31E10011D83C /* IM */; };
		80DFAAD61A760CE100F69205 /* main.m in Sources */ = {isa = PBXBuildFile; fileRef = 80DFAAD51A760CE100F69205 /* main.m */; };
		80DFAAD91A760CE100F69205 /* AppDelegate.mm in Sources */ = {isa = PBXBuildFile; fileRef = 80DFAAD81A760CE100F69205 /* AppDelegate.mm */; };
		80DFAADF1A760CE100F69205 /* Main.storyboard in Resources */ = {isa = PBXBuildFile; fileRef = 80DFAADD1A760CE100F69205 /* Main.storyboard */; };
		80DFAAE11A760CE100F69205 /* Images.xcassets in Resources */ = {isa = PBXBuildFile; fileRef = 80DFAAE01A760CE100F69205 /* Images.xcassets */; };
		80DFAAE41A760CE100F69205 /* LaunchScreen.xib in Resources */ = {isa = PBXBuildFile; fileRef = 80DFAAE21A760CE100F69205 /* LaunchScreen.xib */; };
		80DFAAF01A760CE100F69205 /* ExVisionTests.m in Sources */ = {isa = PBXBuildFile; fileRef = 80DFAAEF1A760CE100F69205 /* ExVisionTests.m */; };
		80DFAAFC1A76100C00F69205 /* libz.dylib in Frameworks */ = {isa = PBXBuildFile; fileRef = 80DFAAFB1A76100C00F69205 /* libz.dylib */; };
		80DFAB681A7610AE00F69205 /* DJIDispatch.m in Sources */ = {isa = PBXBuildFile; fileRef = 80DFAAFF1A7610AE00F69205 /* DJIDispatch.m */; };
		80DFAB691A7610AE00F69205 /* DJILinkQueue.m in Sources */ = {isa = PBXBuildFile; fileRef = 80DFAB011A7610AE00F69205 /* DJILinkQueue.m */; };
		80DFAB6A1A7610AE00F69205 /* libavcodec.a in Frameworks */ = {isa = PBXBuildFile; fileRef = 80DFAB591A7610AE00F69205 /* libavcodec.a */; };
		80DFAB6B1A7610AE00F69205 /* libavdevice.a in Frameworks */ = {isa = PBXBuildFile; fileRef = 80DFAB5A1A7610AE00F69205 /* libavdevice.a */; };
		80DFAB6C1A7610AE00F69205 /* libavfilter.a in Frameworks */ = {isa = PBXBuildFile; fileRef = 80DFAB5B1A7610AE00F69205 /* libavfilter.a */; };
		80DFAB6D1A7610AE00F69205 /* libavformat.a in Frameworks */ = {isa = PBXBuildFile; fileRef = 80DFAB5C1A7610AE00F69205 /* libavformat.a */; };
		80DFAB6E1A7610AE00F69205 /* libavresample.a in Frameworks */ = {isa = PBXBuildFile; fileRef = 80DFAB5D1A7610AE00F69205 /* libavresample.a */; };
		80DFAB6F1A7610AE00F69205 /* libavutil.a in Frameworks */ = {isa = PBXBuildFile; fileRef = 80DFAB5E1A7610AE00F69205 /* libavutil.a */; };
		80DFAB701A7610AE00F69205 /* libpostproc.a in Frameworks */ = {isa = PBXBuildFile; fileRef = 80DFAB5F1A7610AE00F69205 /* libpostproc.a */; };
		80DFAB711A7610AE00F69205 /* libswresample.a in Frameworks */ = {isa = PBXBuildFile; fileRef = 80DFAB601A7610AE00F69205 /* libswresample.a */; };
		80DFAB721A7610AE00F69205 /* libswscale.a in Frameworks */ = {isa = PBXBuildFile; fileRef = 80DFAB611A7610AE00F69205 /* libswscale.a */; };
		80DFAB731A7610AE00F69205 /* MovieGLView.m in Sources */ = {isa = PBXBuildFile; fileRef = 80DFAB631A7610AE00F69205 /* MovieGLView.m */; };
		80DFAB741A7610AE00F69205 /* VideoFrameExtractor.m in Sources */ = {isa = PBXBuildFile; fileRef = 80DFAB651A7610AE00F69205 /* VideoFrameExtractor.m */; };
		80DFAB751A7610AE00F69205 /* VideoPreviewer.m in Sources */ = {isa = PBXBuildFile; fileRef = 80DFAB671A7610AE00F69205 /* VideoPreviewer.m */; };
		80DFAB771A7610F200F69205 /* libiconv.dylib in Frameworks */ = {isa = PBXBuildFile; fileRef = 80DFAB761A7610F200F69205 /* libiconv.dylib */; };
		80E4E7691ADFA87700157EE0 /* Settings.m in Sources */ = {isa = PBXBuildFile; fileRef = 80E4E7681ADFA87700157EE0 /* Settings.m */; };
		80E4E76C1ADFB15700157EE0 /* PresentingAnimationController.m in Sources */ = {isa = PBXBuildFile; fileRef = 80E4E76B1ADFB15700157EE0 /* PresentingAnimationController.m */; };
		80E4E76F1ADFB1C900157EE0 /* DismissingAnimationController.m in Sources */ = {isa = PBXBuildFile; fileRef = 80E4E76E1ADFB1C900157EE0 /* DismissingAnimationController.m */; };
		80F34ACE1ADCFABC007473A4 /* CaptureButton.m in Sources */ = {isa = PBXBuildFile; fileRef = 80F34ACD1ADCFABC007473A4 /* CaptureButton.m */; };
		80F34AD11ADD10EE007473A4 /* CircleView.m in Sources */ = {isa = PBXBuildFile; fileRef = 80F34AD01ADD10EE007473A4 /* CircleView.m */; };
/* End PBXBuildFile section */

/* Begin PBXContainerItemProxy section */
		80DFAAEA1A760CE100F69205 /* PBXContainerItemProxy */ = {
			isa = PBXContainerItemProxy;
			containerPortal = 80DFAAC81A760CE100F69205 /* Project object */;
			proxyType = 1;
			remoteGlobalIDString = 80DFAACF1A760CE100F69205;
			remoteInfo = ExVision;
		};
/* End PBXContainerItemProxy section */

/* Begin PBXFileReference section */
		20F61F7DB9B3F6A1A9947D0D /* Pods.debug.xcconfig */ = {isa = PBXFileReference; includeInIndex = 1; lastKnownFileType = text.xcconfig; name = Pods.debug.xcconfig; path = "Pods/Target Support Files/Pods/Pods.debug.xcconfig"; sourceTree = "<group>"; };
		8005A9D61AE6370700A1822F /* image.jpg */ = {isa = PBXFileReference; lastKnownFileType = image.jpeg; path = image.jpg; sourceTree = "<group>"; };
		801F7A041AD384390095BE17 /* FontAwesome.ttf */ = {isa = PBXFileReference; lastKnownFileType = file; path = FontAwesome.ttf; sourceTree = "<group>"; };
		801F7A051AD384390095BE17 /* NSString+FontAwesome.h */ = {isa = PBXFileReference; fileEncoding = 4; lastKnownFileType = sourcecode.c.h; path = "NSString+FontAwesome.h"; sourceTree = "<group>"; };
		801F7A061AD384390095BE17 /* NSString+FontAwesome.m */ = {isa = PBXFileReference; fileEncoding = 4; lastKnownFileType = sourcecode.c.objc; path = "NSString+FontAwesome.m"; sourceTree = "<group>"; };
		801F7A071AD384390095BE17 /* UIButton+Bootstrap.h */ = {isa = PBXFileReference; fileEncoding = 4; lastKnownFileType = sourcecode.c.h; path = "UIButton+Bootstrap.h"; sourceTree = "<group>"; };
		801F7A081AD384390095BE17 /* UIButton+Bootstrap.m */ = {isa = PBXFileReference; fileEncoding = 4; lastKnownFileType = sourcecode.c.objc; path = "UIButton+Bootstrap.m"; sourceTree = "<group>"; };
		801F7A0D1AD3B3630095BE17 /* HelpViewController.h */ = {isa = PBXFileReference; fileEncoding = 4; lastKnownFileType = sourcecode.c.h; path = HelpViewController.h; sourceTree = "<group>"; };
		801F7A0E1AD3B3630095BE17 /* HelpViewController.m */ = {isa = PBXFileReference; fileEncoding = 4; lastKnownFileType = sourcecode.c.objc; path = HelpViewController.m; sourceTree = "<group>"; };
		80241B961AEF59D90064309D /* 1.JPG */ = {isa = PBXFileReference; lastKnownFileType = image.jpeg; path = 1.JPG; sourceTree = "<group>"; };
		80241B971AEF59D90064309D /* 2.JPG */ = {isa = PBXFileReference; lastKnownFileType = image.jpeg; path = 2.JPG; sourceTree = "<group>"; };
		80241B981AEF59D90064309D /* 3.JPG */ = {isa = PBXFileReference; lastKnownFileType = image.jpeg; path = 3.JPG; sourceTree = "<group>"; };
		80241B991AEF59D90064309D /* 4.JPG */ = {isa = PBXFileReference; lastKnownFileType = image.jpeg; path = 4.JPG; sourceTree = "<group>"; };
		80241B9A1AEF59D90064309D /* 5.JPG */ = {isa = PBXFileReference; lastKnownFileType = image.jpeg; path = 5.JPG; sourceTree = "<group>"; };
		80241B9B1AEF59D90064309D /* 6.JPG */ = {isa = PBXFileReference; lastKnownFileType = image.jpeg; path = 6.JPG; sourceTree = "<group>"; };
		80241B9C1AEF59D90064309D /* 7.JPG */ = {isa = PBXFileReference; lastKnownFileType = image.jpeg; path = 7.JPG; sourceTree = "<group>"; };
		807019271A762CEB00B599C0 /* CameraView.h */ = {isa = PBXFileReference; fileEncoding = 4; lastKnownFileType = sourcecode.c.h; path = CameraView.h; sourceTree = "<group>"; };
		807019281A762CEB00B599C0 /* CameraView.m */ = {isa = PBXFileReference; fileEncoding = 4; lastKnownFileType = sourcecode.c.objc; path = CameraView.m; sourceTree = "<group>"; };
		807BCBB21AC2A015007E23E2 /* DJISDK.framework */ = {isa = PBXFileReference; lastKnownFileType = wrapper.framework; path = DJISDK.framework; sourceTree = "<group>"; };
		807C68FD1AE626C9002C9341 /* test.JPG */ = {isa = PBXFileReference; lastKnownFileType = image.jpeg; path = test.JPG; sourceTree = "<group>"; };
		807C68FF1AE62D2C002C9341 /* ProcessController.m */ = {isa = PBXFileReference; fileEncoding = 4; lastKnownFileType = sourcecode.c.objc; path = ProcessController.m; sourceTree = "<group>"; };
		8090FAB71ACD12470011D83C /* ProcessController.h */ = {isa = PBXFileReference; fileEncoding = 4; lastKnownFileType = sourcecode.c.h; path = ProcessController.h; sourceTree = "<group>"; };
		8090FABA1ACD2B000011D83C /* opencv2.framework */ = {isa = PBXFileReference; lastKnownFileType = wrapper.framework; path = opencv2.framework; sourceTree = "<group>"; };
		8090FABC1ACD2B8A0011D83C /* Accelerate.framework */ = {isa = PBXFileReference; lastKnownFileType = wrapper.framework; name = Accelerate.framework; path = System/Library/Frameworks/Accelerate.framework; sourceTree = SDKROOT; };
		8090FABD1ACD2B8A0011D83C /* AssetsLibrary.framework */ = {isa = PBXFileReference; lastKnownFileType = wrapper.framework; name = AssetsLibrary.framework; path = System/Library/Frameworks/AssetsLibrary.framework; sourceTree = SDKROOT; };
		8090FABE1ACD2B8A0011D83C /* AVFoundation.framework */ = {isa = PBXFileReference; lastKnownFileType = wrapper.framework; name = AVFoundation.framework; path = System/Library/Frameworks/AVFoundation.framework; sourceTree = SDKROOT; };
		8090FABF1ACD2B8A0011D83C /* CoreGraphics.framework */ = {isa = PBXFileReference; lastKnownFileType = wrapper.framework; name = CoreGraphics.framework; path = System/Library/Frameworks/CoreGraphics.framework; sourceTree = SDKROOT; };
		8090FAC01ACD2B8B0011D83C /* CoreImage.framework */ = {isa = PBXFileReference; lastKnownFileType = wrapper.framework; name = CoreImage.framework; path = System/Library/Frameworks/CoreImage.framework; sourceTree = SDKROOT; };
		8090FAC11ACD2B8B0011D83C /* CoreMedia.framework */ = {isa = PBXFileReference; lastKnownFileType = wrapper.framework; name = CoreMedia.framework; path = System/Library/Frameworks/CoreMedia.framework; sourceTree = SDKROOT; };
		8090FAC21ACD2B8B0011D83C /* ImageIO.framework */ = {isa = PBXFileReference; lastKnownFileType = wrapper.framework; name = ImageIO.framework; path = System/Library/Frameworks/ImageIO.framework; sourceTree = SDKROOT; };
		8090FAC31ACD2B8B0011D83C /* libxml2.dylib */ = {isa = PBXFileReference; lastKnownFileType = "compiled.mach-o.dylib"; name = libxml2.dylib; path = usr/lib/libxml2.dylib; sourceTree = SDKROOT; };
		8090FAC41ACD2B8B0011D83C /* QuartzCore.framework */ = {isa = PBXFileReference; lastKnownFileType = wrapper.framework; name = QuartzCore.framework; path = System/Library/Frameworks/QuartzCore.framework; sourceTree = SDKROOT; };
		8090FAD01ACD2BD70011D83C /* UIImage+OpenCV.h */ = {isa = PBXFileReference; fileEncoding = 4; lastKnownFileType = sourcecode.c.h; path = "UIImage+OpenCV.h"; sourceTree = "<group>"; };
		8090FAD11ACD2BD70011D83C /* UIImage+OpenCV.mm */ = {isa = PBXFileReference; fileEncoding = 4; lastKnownFileType = sourcecode.cpp.objcpp; path = "UIImage+OpenCV.mm"; sourceTree = "<group>"; };
		8090FAD21ACD2BD70011D83C /* CVWrapper.h */ = {isa = PBXFileReference; fileEncoding = 4; lastKnownFileType = sourcecode.c.h; path = CVWrapper.h; sourceTree = "<group>"; };
		8090FAD31ACD2BD70011D83C /* CVWrapper.mm */ = {isa = PBXFileReference; fileEncoding = 4; lastKnownFileType = sourcecode.cpp.objcpp; path = CVWrapper.mm; sourceTree = "<group>"; };
		8090FAD41ACD2BD70011D83C /* stitching.cpp */ = {isa = PBXFileReference; fileEncoding = 4; lastKnownFileType = sourcecode.cpp.cpp; path = stitching.cpp; sourceTree = "<group>"; };
		8090FAD51ACD2BD70011D83C /* stitching.h */ = {isa = PBXFileReference; fileEncoding = 4; lastKnownFileType = sourcecode.c.h; path = stitching.h; sourceTree = "<group>"; };
		8090FAF71ACD2E6B0011D83C /* libjpeg.a */ = {isa = PBXFileReference; lastKnownFileType = archive.ar; name = libjpeg.a; path = ../IM/libjpeg.a; sourceTree = "<group>"; };
		8090FAF81ACD2E6B0011D83C /* libMagickCore.a */ = {isa = PBXFileReference; lastKnownFileType = archive.ar; name = libMagickCore.a; path = ../IM/libMagickCore.a; sourceTree = "<group>"; };
		8090FAF91ACD2E6B0011D83C /* libMagickWand.a */ = {isa = PBXFileReference; lastKnownFileType = archive.ar; name = libMagickWand.a; path = ../IM/libMagickWand.a; sourceTree = "<group>"; };
		8090FAFA1ACD2E6B0011D83C /* libpng.a */ = {isa = PBXFileReference; lastKnownFileType = archive.ar; name = libpng.a; path = ../IM/libpng.a; sourceTree = "<group>"; };
		8090FAFB1ACD2E6B0011D83C /* libtiff.a */ = {isa = PBXFileReference; lastKnownFileType = archive.ar; name = libtiff.a; path = ../IM/libtiff.a; sourceTree = "<group>"; };
		8090FB051ACD31E10011D83C /* IM */ = {isa = PBXFileReference; lastKnownFileType = folder; path = IM; sourceTree = "<group>"; };
		80DFAAD01A760CE100F69205 /* ExVision.app */ = {isa = PBXFileReference; explicitFileType = wrapper.application; includeInIndex = 0; path = ExVision.app; sourceTree = BUILT_PRODUCTS_DIR; };
		80DFAAD41A760CE100F69205 /* Info.plist */ = {isa = PBXFileReference; lastKnownFileType = text.plist.xml; path = Info.plist; sourceTree = "<group>"; };
		80DFAAD51A760CE100F69205 /* main.m */ = {isa = PBXFileReference; lastKnownFileType = sourcecode.c.objc; path = main.m; sourceTree = "<group>"; };
		80DFAAD71A760CE100F69205 /* AppDelegate.h */ = {isa = PBXFileReference; lastKnownFileType = sourcecode.c.h; path = AppDelegate.h; sourceTree = "<group>"; };
		80DFAAD81A760CE100F69205 /* AppDelegate.mm */ = {isa = PBXFileReference; lastKnownFileType = sourcecode.cpp.objcpp; path = AppDelegate.mm; sourceTree = "<group>"; };
		80DFAADE1A760CE100F69205 /* Base */ = {isa = PBXFileReference; lastKnownFileType = file.storyboard; name = Base; path = Base.lproj/Main.storyboard; sourceTree = "<group>"; };
		80DFAAE01A760CE100F69205 /* Images.xcassets */ = {isa = PBXFileReference; lastKnownFileType = folder.assetcatalog; path = Images.xcassets; sourceTree = "<group>"; };
		80DFAAE31A760CE100F69205 /* Base */ = {isa = PBXFileReference; lastKnownFileType = file.xib; name = Base; path = Base.lproj/LaunchScreen.xib; sourceTree = "<group>"; };
		80DFAAE91A760CE100F69205 /* ExVisionTests.xctest */ = {isa = PBXFileReference; explicitFileType = wrapper.cfbundle; includeInIndex = 0; path = ExVisionTests.xctest; sourceTree = BUILT_PRODUCTS_DIR; };
		80DFAAEE1A760CE100F69205 /* Info.plist */ = {isa = PBXFileReference; lastKnownFileType = text.plist.xml; path = Info.plist; sourceTree = "<group>"; };
		80DFAAEF1A760CE100F69205 /* ExVisionTests.m */ = {isa = PBXFileReference; lastKnownFileType = sourcecode.c.objc; path = ExVisionTests.m; sourceTree = "<group>"; };
		80DFAAFB1A76100C00F69205 /* libz.dylib */ = {isa = PBXFileReference; lastKnownFileType = "compiled.mach-o.dylib"; name = libz.dylib; path = usr/lib/libz.dylib; sourceTree = SDKROOT; };
		80DFAAFE1A7610AE00F69205 /* DJIDispatch.h */ = {isa = PBXFileReference; fileEncoding = 4; lastKnownFileType = sourcecode.c.h; path = DJIDispatch.h; sourceTree = "<group>"; };
		80DFAAFF1A7610AE00F69205 /* DJIDispatch.m */ = {isa = PBXFileReference; fileEncoding = 4; lastKnownFileType = sourcecode.c.objc; path = DJIDispatch.m; sourceTree = "<group>"; };
		80DFAB001A7610AE00F69205 /* DJILinkQueue.h */ = {isa = PBXFileReference; fileEncoding = 4; lastKnownFileType = sourcecode.c.h; path = DJILinkQueue.h; sourceTree = "<group>"; };
		80DFAB011A7610AE00F69205 /* DJILinkQueue.m */ = {isa = PBXFileReference; fileEncoding = 4; lastKnownFileType = sourcecode.c.objc; path = DJILinkQueue.m; sourceTree = "<group>"; };
		80DFAB051A7610AE00F69205 /* avcodec.h */ = {isa = PBXFileReference; fileEncoding = 4; lastKnownFileType = sourcecode.c.h; path = avcodec.h; sourceTree = "<group>"; };
		80DFAB061A7610AE00F69205 /* avfft.h */ = {isa = PBXFileReference; fileEncoding = 4; lastKnownFileType = sourcecode.c.h; path = avfft.h; sourceTree = "<group>"; };
		80DFAB071A7610AE00F69205 /* dxva2.h */ = {isa = PBXFileReference; fileEncoding = 4; lastKnownFileType = sourcecode.c.h; path = dxva2.h; sourceTree = "<group>"; };
		80DFAB081A7610AE00F69205 /* old_codec_ids.h */ = {isa = PBXFileReference; fileEncoding = 4; lastKnownFileType = sourcecode.c.h; path = old_codec_ids.h; sourceTree = "<group>"; };
		80DFAB091A7610AE00F69205 /* vaapi.h */ = {isa = PBXFileReference; fileEncoding = 4; lastKnownFileType = sourcecode.c.h; path = vaapi.h; sourceTree = "<group>"; };
		80DFAB0A1A7610AE00F69205 /* vda.h */ = {isa = PBXFileReference; fileEncoding = 4; lastKnownFileType = sourcecode.c.h; path = vda.h; sourceTree = "<group>"; };
		80DFAB0B1A7610AE00F69205 /* vdpau.h */ = {isa = PBXFileReference; fileEncoding = 4; lastKnownFileType = sourcecode.c.h; path = vdpau.h; sourceTree = "<group>"; };
		80DFAB0C1A7610AE00F69205 /* version.h */ = {isa = PBXFileReference; fileEncoding = 4; lastKnownFileType = sourcecode.c.h; path = version.h; sourceTree = "<group>"; };
		80DFAB0D1A7610AE00F69205 /* xvmc.h */ = {isa = PBXFileReference; fileEncoding = 4; lastKnownFileType = sourcecode.c.h; path = xvmc.h; sourceTree = "<group>"; };
		80DFAB0F1A7610AE00F69205 /* avdevice.h */ = {isa = PBXFileReference; fileEncoding = 4; lastKnownFileType = sourcecode.c.h; path = avdevice.h; sourceTree = "<group>"; };
		80DFAB101A7610AE00F69205 /* version.h */ = {isa = PBXFileReference; fileEncoding = 4; lastKnownFileType = sourcecode.c.h; path = version.h; sourceTree = "<group>"; };
		80DFAB121A7610AE00F69205 /* asrc_abuffer.h */ = {isa = PBXFileReference; fileEncoding = 4; lastKnownFileType = sourcecode.c.h; path = asrc_abuffer.h; sourceTree = "<group>"; };
		80DFAB131A7610AE00F69205 /* avcodec.h */ = {isa = PBXFileReference; fileEncoding = 4; lastKnownFileType = sourcecode.c.h; path = avcodec.h; sourceTree = "<group>"; };
		80DFAB141A7610AE00F69205 /* avfilter.h */ = {isa = PBXFileReference; fileEncoding = 4; lastKnownFileType = sourcecode.c.h; path = avfilter.h; sourceTree = "<group>"; };
		80DFAB151A7610AE00F69205 /* avfiltergraph.h */ = {isa = PBXFileReference; fileEncoding = 4; lastKnownFileType = sourcecode.c.h; path = avfiltergraph.h; sourceTree = "<group>"; };
		80DFAB161A7610AE00F69205 /* buffersink.h */ = {isa = PBXFileReference; fileEncoding = 4; lastKnownFileType = sourcecode.c.h; path = buffersink.h; sourceTree = "<group>"; };
		80DFAB171A7610AE00F69205 /* buffersrc.h */ = {isa = PBXFileReference; fileEncoding = 4; lastKnownFileType = sourcecode.c.h; path = buffersrc.h; sourceTree = "<group>"; };
		80DFAB181A7610AE00F69205 /* version.h */ = {isa = PBXFileReference; fileEncoding = 4; lastKnownFileType = sourcecode.c.h; path = version.h; sourceTree = "<group>"; };
		80DFAB1A1A7610AE00F69205 /* avformat.h */ = {isa = PBXFileReference; fileEncoding = 4; lastKnownFileType = sourcecode.c.h; path = avformat.h; sourceTree = "<group>"; };
		80DFAB1B1A7610AE00F69205 /* avio.h */ = {isa = PBXFileReference; fileEncoding = 4; lastKnownFileType = sourcecode.c.h; path = avio.h; sourceTree = "<group>"; };
		80DFAB1C1A7610AE00F69205 /* version.h */ = {isa = PBXFileReference; fileEncoding = 4; lastKnownFileType = sourcecode.c.h; path = version.h; sourceTree = "<group>"; };
		80DFAB1E1A7610AE00F69205 /* avresample.h */ = {isa = PBXFileReference; fileEncoding = 4; lastKnownFileType = sourcecode.c.h; path = avresample.h; sourceTree = "<group>"; };
		80DFAB1F1A7610AE00F69205 /* version.h */ = {isa = PBXFileReference; fileEncoding = 4; lastKnownFileType = sourcecode.c.h; path = version.h; sourceTree = "<group>"; };
		80DFAB211A7610AE00F69205 /* adler32.h */ = {isa = PBXFileReference; fileEncoding = 4; lastKnownFileType = sourcecode.c.h; path = adler32.h; sourceTree = "<group>"; };
		80DFAB221A7610AE00F69205 /* aes.h */ = {isa = PBXFileReference; fileEncoding = 4; lastKnownFileType = sourcecode.c.h; path = aes.h; sourceTree = "<group>"; };
		80DFAB231A7610AE00F69205 /* attributes.h */ = {isa = PBXFileReference; fileEncoding = 4; lastKnownFileType = sourcecode.c.h; path = attributes.h; sourceTree = "<group>"; };
		80DFAB241A7610AE00F69205 /* audio_fifo.h */ = {isa = PBXFileReference; fileEncoding = 4; lastKnownFileType = sourcecode.c.h; path = audio_fifo.h; sourceTree = "<group>"; };
		80DFAB251A7610AE00F69205 /* audioconvert.h */ = {isa = PBXFileReference; fileEncoding = 4; lastKnownFileType = sourcecode.c.h; path = audioconvert.h; sourceTree = "<group>"; };
		80DFAB261A7610AE00F69205 /* avassert.h */ = {isa = PBXFileReference; fileEncoding = 4; lastKnownFileType = sourcecode.c.h; path = avassert.h; sourceTree = "<group>"; };
		80DFAB271A7610AE00F69205 /* avconfig.h */ = {isa = PBXFileReference; fileEncoding = 4; lastKnownFileType = sourcecode.c.h; path = avconfig.h; sourceTree = "<group>"; };
		80DFAB281A7610AE00F69205 /* avstring.h */ = {isa = PBXFileReference; fileEncoding = 4; lastKnownFileType = sourcecode.c.h; path = avstring.h; sourceTree = "<group>"; };
		80DFAB291A7610AE00F69205 /* avutil.h */ = {isa = PBXFileReference; fileEncoding = 4; lastKnownFileType = sourcecode.c.h; path = avutil.h; sourceTree = "<group>"; };
		80DFAB2A1A7610AE00F69205 /* base64.h */ = {isa = PBXFileReference; fileEncoding = 4; lastKnownFileType = sourcecode.c.h; path = base64.h; sourceTree = "<group>"; };
		80DFAB2B1A7610AE00F69205 /* blowfish.h */ = {isa = PBXFileReference; fileEncoding = 4; lastKnownFileType = sourcecode.c.h; path = blowfish.h; sourceTree = "<group>"; };
		80DFAB2C1A7610AE00F69205 /* bprint.h */ = {isa = PBXFileReference; fileEncoding = 4; lastKnownFileType = sourcecode.c.h; path = bprint.h; sourceTree = "<group>"; };
		80DFAB2D1A7610AE00F69205 /* bswap.h */ = {isa = PBXFileReference; fileEncoding = 4; lastKnownFileType = sourcecode.c.h; path = bswap.h; sourceTree = "<group>"; };
		80DFAB2E1A7610AE00F69205 /* channel_layout.h */ = {isa = PBXFileReference; fileEncoding = 4; lastKnownFileType = sourcecode.c.h; path = channel_layout.h; sourceTree = "<group>"; };
		80DFAB2F1A7610AE00F69205 /* common.h */ = {isa = PBXFileReference; fileEncoding = 4; lastKnownFileType = sourcecode.c.h; path = common.h; sourceTree = "<group>"; };
		80DFAB301A7610AE00F69205 /* cpu.h */ = {isa = PBXFileReference; fileEncoding = 4; lastKnownFileType = sourcecode.c.h; path = cpu.h; sourceTree = "<group>"; };
		80DFAB311A7610AE00F69205 /* crc.h */ = {isa = PBXFileReference; fileEncoding = 4; lastKnownFileType = sourcecode.c.h; path = crc.h; sourceTree = "<group>"; };
		80DFAB321A7610AE00F69205 /* dict.h */ = {isa = PBXFileReference; fileEncoding = 4; lastKnownFileType = sourcecode.c.h; path = dict.h; sourceTree = "<group>"; };
		80DFAB331A7610AE00F69205 /* error.h */ = {isa = PBXFileReference; fileEncoding = 4; lastKnownFileType = sourcecode.c.h; path = error.h; sourceTree = "<group>"; };
		80DFAB341A7610AE00F69205 /* eval.h */ = {isa = PBXFileReference; fileEncoding = 4; lastKnownFileType = sourcecode.c.h; path = eval.h; sourceTree = "<group>"; };
		80DFAB351A7610AE00F69205 /* fifo.h */ = {isa = PBXFileReference; fileEncoding = 4; lastKnownFileType = sourcecode.c.h; path = fifo.h; sourceTree = "<group>"; };
		80DFAB361A7610AE00F69205 /* file.h */ = {isa = PBXFileReference; fileEncoding = 4; lastKnownFileType = sourcecode.c.h; path = file.h; sourceTree = "<group>"; };
		80DFAB371A7610AE00F69205 /* hmac.h */ = {isa = PBXFileReference; fileEncoding = 4; lastKnownFileType = sourcecode.c.h; path = hmac.h; sourceTree = "<group>"; };
		80DFAB381A7610AE00F69205 /* imgutils.h */ = {isa = PBXFileReference; fileEncoding = 4; lastKnownFileType = sourcecode.c.h; path = imgutils.h; sourceTree = "<group>"; };
		80DFAB391A7610AE00F69205 /* intfloat.h */ = {isa = PBXFileReference; fileEncoding = 4; lastKnownFileType = sourcecode.c.h; path = intfloat.h; sourceTree = "<group>"; };
		80DFAB3A1A7610AE00F69205 /* intfloat_readwrite.h */ = {isa = PBXFileReference; fileEncoding = 4; lastKnownFileType = sourcecode.c.h; path = intfloat_readwrite.h; sourceTree = "<group>"; };
		80DFAB3B1A7610AE00F69205 /* intreadwrite.h */ = {isa = PBXFileReference; fileEncoding = 4; lastKnownFileType = sourcecode.c.h; path = intreadwrite.h; sourceTree = "<group>"; };
		80DFAB3C1A7610AE00F69205 /* lfg.h */ = {isa = PBXFileReference; fileEncoding = 4; lastKnownFileType = sourcecode.c.h; path = lfg.h; sourceTree = "<group>"; };
		80DFAB3D1A7610AE00F69205 /* log.h */ = {isa = PBXFileReference; fileEncoding = 4; lastKnownFileType = sourcecode.c.h; path = log.h; sourceTree = "<group>"; };
		80DFAB3E1A7610AE00F69205 /* mathematics.h */ = {isa = PBXFileReference; fileEncoding = 4; lastKnownFileType = sourcecode.c.h; path = mathematics.h; sourceTree = "<group>"; };
		80DFAB3F1A7610AE00F69205 /* md5.h */ = {isa = PBXFileReference; fileEncoding = 4; lastKnownFileType = sourcecode.c.h; path = md5.h; sourceTree = "<group>"; };
		80DFAB401A7610AE00F69205 /* mem.h */ = {isa = PBXFileReference; fileEncoding = 4; lastKnownFileType = sourcecode.c.h; path = mem.h; sourceTree = "<group>"; };
		80DFAB411A7610AE00F69205 /* old_pix_fmts.h */ = {isa = PBXFileReference; fileEncoding = 4; lastKnownFileType = sourcecode.c.h; path = old_pix_fmts.h; sourceTree = "<group>"; };
		80DFAB421A7610AE00F69205 /* opt.h */ = {isa = PBXFileReference; fileEncoding = 4; lastKnownFileType = sourcecode.c.h; path = opt.h; sourceTree = "<group>"; };
		80DFAB431A7610AE00F69205 /* parseutils.h */ = {isa = PBXFileReference; fileEncoding = 4; lastKnownFileType = sourcecode.c.h; path = parseutils.h; sourceTree = "<group>"; };
		80DFAB441A7610AE00F69205 /* pixdesc.h */ = {isa = PBXFileReference; fileEncoding = 4; lastKnownFileType = sourcecode.c.h; path = pixdesc.h; sourceTree = "<group>"; };
		80DFAB451A7610AE00F69205 /* pixfmt.h */ = {isa = PBXFileReference; fileEncoding = 4; lastKnownFileType = sourcecode.c.h; path = pixfmt.h; sourceTree = "<group>"; };
		80DFAB461A7610AE00F69205 /* random_seed.h */ = {isa = PBXFileReference; fileEncoding = 4; lastKnownFileType = sourcecode.c.h; path = random_seed.h; sourceTree = "<group>"; };
		80DFAB471A7610AE00F69205 /* rational.h */ = {isa = PBXFileReference; fileEncoding = 4; lastKnownFileType = sourcecode.c.h; path = rational.h; sourceTree = "<group>"; };
		80DFAB481A7610AE00F69205 /* samplefmt.h */ = {isa = PBXFileReference; fileEncoding = 4; lastKnownFileType = sourcecode.c.h; path = samplefmt.h; sourceTree = "<group>"; };
		80DFAB491A7610AE00F69205 /* sha.h */ = {isa = PBXFileReference; fileEncoding = 4; lastKnownFileType = sourcecode.c.h; path = sha.h; sourceTree = "<group>"; };
		80DFAB4A1A7610AE00F69205 /* time.h */ = {isa = PBXFileReference; fileEncoding = 4; lastKnownFileType = sourcecode.c.h; path = time.h; sourceTree = "<group>"; };
		80DFAB4B1A7610AE00F69205 /* timecode.h */ = {isa = PBXFileReference; fileEncoding = 4; lastKnownFileType = sourcecode.c.h; path = timecode.h; sourceTree = "<group>"; };
		80DFAB4C1A7610AE00F69205 /* timestamp.h */ = {isa = PBXFileReference; fileEncoding = 4; lastKnownFileType = sourcecode.c.h; path = timestamp.h; sourceTree = "<group>"; };
		80DFAB4D1A7610AE00F69205 /* version.h */ = {isa = PBXFileReference; fileEncoding = 4; lastKnownFileType = sourcecode.c.h; path = version.h; sourceTree = "<group>"; };
		80DFAB4E1A7610AE00F69205 /* xtea.h */ = {isa = PBXFileReference; fileEncoding = 4; lastKnownFileType = sourcecode.c.h; path = xtea.h; sourceTree = "<group>"; };
		80DFAB501A7610AE00F69205 /* postprocess.h */ = {isa = PBXFileReference; fileEncoding = 4; lastKnownFileType = sourcecode.c.h; path = postprocess.h; sourceTree = "<group>"; };
		80DFAB511A7610AE00F69205 /* version.h */ = {isa = PBXFileReference; fileEncoding = 4; lastKnownFileType = sourcecode.c.h; path = version.h; sourceTree = "<group>"; };
		80DFAB531A7610AE00F69205 /* swresample.h */ = {isa = PBXFileReference; fileEncoding = 4; lastKnownFileType = sourcecode.c.h; path = swresample.h; sourceTree = "<group>"; };
		80DFAB541A7610AE00F69205 /* version.h */ = {isa = PBXFileReference; fileEncoding = 4; lastKnownFileType = sourcecode.c.h; path = version.h; sourceTree = "<group>"; };
		80DFAB561A7610AE00F69205 /* swscale.h */ = {isa = PBXFileReference; fileEncoding = 4; lastKnownFileType = sourcecode.c.h; path = swscale.h; sourceTree = "<group>"; };
		80DFAB571A7610AE00F69205 /* version.h */ = {isa = PBXFileReference; fileEncoding = 4; lastKnownFileType = sourcecode.c.h; path = version.h; sourceTree = "<group>"; };
		80DFAB591A7610AE00F69205 /* libavcodec.a */ = {isa = PBXFileReference; lastKnownFileType = archive.ar; path = libavcodec.a; sourceTree = "<group>"; };
		80DFAB5A1A7610AE00F69205 /* libavdevice.a */ = {isa = PBXFileReference; lastKnownFileType = archive.ar; path = libavdevice.a; sourceTree = "<group>"; };
		80DFAB5B1A7610AE00F69205 /* libavfilter.a */ = {isa = PBXFileReference; lastKnownFileType = archive.ar; path = libavfilter.a; sourceTree = "<group>"; };
		80DFAB5C1A7610AE00F69205 /* libavformat.a */ = {isa = PBXFileReference; lastKnownFileType = archive.ar; path = libavformat.a; sourceTree = "<group>"; };
		80DFAB5D1A7610AE00F69205 /* libavresample.a */ = {isa = PBXFileReference; lastKnownFileType = archive.ar; path = libavresample.a; sourceTree = "<group>"; };
		80DFAB5E1A7610AE00F69205 /* libavutil.a */ = {isa = PBXFileReference; lastKnownFileType = archive.ar; path = libavutil.a; sourceTree = "<group>"; };
		80DFAB5F1A7610AE00F69205 /* libpostproc.a */ = {isa = PBXFileReference; lastKnownFileType = archive.ar; path = libpostproc.a; sourceTree = "<group>"; };
		80DFAB601A7610AE00F69205 /* libswresample.a */ = {isa = PBXFileReference; lastKnownFileType = archive.ar; path = libswresample.a; sourceTree = "<group>"; };
		80DFAB611A7610AE00F69205 /* libswscale.a */ = {isa = PBXFileReference; lastKnownFileType = archive.ar; path = libswscale.a; sourceTree = "<group>"; };
		80DFAB621A7610AE00F69205 /* MovieGLView.h */ = {isa = PBXFileReference; fileEncoding = 4; lastKnownFileType = sourcecode.c.h; path = MovieGLView.h; sourceTree = "<group>"; };
		80DFAB631A7610AE00F69205 /* MovieGLView.m */ = {isa = PBXFileReference; fileEncoding = 4; lastKnownFileType = sourcecode.c.objc; path = MovieGLView.m; sourceTree = "<group>"; };
		80DFAB641A7610AE00F69205 /* VideoFrameExtractor.h */ = {isa = PBXFileReference; fileEncoding = 4; lastKnownFileType = sourcecode.c.h; path = VideoFrameExtractor.h; sourceTree = "<group>"; };
		80DFAB651A7610AE00F69205 /* VideoFrameExtractor.m */ = {isa = PBXFileReference; fileEncoding = 4; lastKnownFileType = sourcecode.c.objc; path = VideoFrameExtractor.m; sourceTree = "<group>"; };
		80DFAB661A7610AE00F69205 /* VideoPreviewer.h */ = {isa = PBXFileReference; fileEncoding = 4; lastKnownFileType = sourcecode.c.h; path = VideoPreviewer.h; sourceTree = "<group>"; };
		80DFAB671A7610AE00F69205 /* VideoPreviewer.m */ = {isa = PBXFileReference; fileEncoding = 4; lastKnownFileType = sourcecode.c.objc; path = VideoPreviewer.m; sourceTree = "<group>"; };
		80DFAB761A7610F200F69205 /* libiconv.dylib */ = {isa = PBXFileReference; lastKnownFileType = "compiled.mach-o.dylib"; name = libiconv.dylib; path = usr/lib/libiconv.dylib; sourceTree = SDKROOT; };
		80E4E7671ADFA87700157EE0 /* Settings.h */ = {isa = PBXFileReference; fileEncoding = 4; lastKnownFileType = sourcecode.c.h; path = Settings.h; sourceTree = "<group>"; };
		80E4E7681ADFA87700157EE0 /* Settings.m */ = {isa = PBXFileReference; fileEncoding = 4; lastKnownFileType = sourcecode.c.objc; path = Settings.m; sourceTree = "<group>"; };
		80E4E76A1ADFB15700157EE0 /* PresentingAnimationController.h */ = {isa = PBXFileReference; fileEncoding = 4; lastKnownFileType = sourcecode.c.h; path = PresentingAnimationController.h; sourceTree = "<group>"; };
		80E4E76B1ADFB15700157EE0 /* PresentingAnimationController.m */ = {isa = PBXFileReference; fileEncoding = 4; lastKnownFileType = sourcecode.c.objc; path = PresentingAnimationController.m; sourceTree = "<group>"; };
		80E4E76D1ADFB1C900157EE0 /* DismissingAnimationController.h */ = {isa = PBXFileReference; fileEncoding = 4; lastKnownFileType = sourcecode.c.h; path = DismissingAnimationController.h; sourceTree = "<group>"; };
		80E4E76E1ADFB1C900157EE0 /* DismissingAnimationController.m */ = {isa = PBXFileReference; fileEncoding = 4; lastKnownFileType = sourcecode.c.objc; path = DismissingAnimationController.m; sourceTree = "<group>"; };
		80F34ACC1ADCFABC007473A4 /* CaptureButton.h */ = {isa = PBXFileReference; fileEncoding = 4; lastKnownFileType = sourcecode.c.h; path = CaptureButton.h; sourceTree = "<group>"; };
		80F34ACD1ADCFABC007473A4 /* CaptureButton.m */ = {isa = PBXFileReference; fileEncoding = 4; lastKnownFileType = sourcecode.c.objc; path = CaptureButton.m; sourceTree = "<group>"; };
		80F34ACF1ADD10EE007473A4 /* CircleView.h */ = {isa = PBXFileReference; fileEncoding = 4; lastKnownFileType = sourcecode.c.h; path = CircleView.h; sourceTree = "<group>"; };
		80F34AD01ADD10EE007473A4 /* CircleView.m */ = {isa = PBXFileReference; fileEncoding = 4; lastKnownFileType = sourcecode.c.objc; path = CircleView.m; sourceTree = "<group>"; };
		F4F1C3B4AEEFBE73DC53D1B0 /* Pods.release.xcconfig */ = {isa = PBXFileReference; includeInIndex = 1; lastKnownFileType = text.xcconfig; name = Pods.release.xcconfig; path = "Pods/Target Support Files/Pods/Pods.release.xcconfig"; sourceTree = "<group>"; };
		FD413A25A05B885DF0489769 /* libPods.a */ = {isa = PBXFileReference; explicitFileType = archive.ar; includeInIndex = 0; path = libPods.a; sourceTree = BUILT_PRODUCTS_DIR; };
/* End PBXFileReference section */

/* Begin PBXFrameworksBuildPhase section */
		80DFAACD1A760CE100F69205 /* Frameworks */ = {
			isa = PBXFrameworksBuildPhase;
			buildActionMask = 2147483647;
			files = (
				8090FAFC1ACD2E6B0011D83C /* libjpeg.a in Frameworks */,
				8090FAFD1ACD2E6B0011D83C /* libMagickCore.a in Frameworks */,
				8090FAFE1ACD2E6B0011D83C /* libMagickWand.a in Frameworks */,
				8090FAFF1ACD2E6B0011D83C /* libpng.a in Frameworks */,
				8090FB001ACD2E6B0011D83C /* libtiff.a in Frameworks */,
				8090FAC51ACD2B8B0011D83C /* Accelerate.framework in Frameworks */,
				8090FAC61ACD2B8B0011D83C /* AssetsLibrary.framework in Frameworks */,
				8090FAC71ACD2B8B0011D83C /* AVFoundation.framework in Frameworks */,
				8090FAC81ACD2B8B0011D83C /* CoreGraphics.framework in Frameworks */,
				8090FAC91ACD2B8B0011D83C /* CoreImage.framework in Frameworks */,
				8090FACA1ACD2B8B0011D83C /* CoreMedia.framework in Frameworks */,
				8090FACB1ACD2B8B0011D83C /* ImageIO.framework in Frameworks */,
				8090FACC1ACD2B8B0011D83C /* libxml2.dylib in Frameworks */,
				8090FACD1ACD2B8B0011D83C /* QuartzCore.framework in Frameworks */,
				80DFAB771A7610F200F69205 /* libiconv.dylib in Frameworks */,
				80DFAAFC1A76100C00F69205 /* libz.dylib in Frameworks */,
				80DFAB6C1A7610AE00F69205 /* libavfilter.a in Frameworks */,
				80DFAB721A7610AE00F69205 /* libswscale.a in Frameworks */,
				80DFAB6E1A7610AE00F69205 /* libavresample.a in Frameworks */,
				8090FABB1ACD2B000011D83C /* opencv2.framework in Frameworks */,
				80DFAB6D1A7610AE00F69205 /* libavformat.a in Frameworks */,
				80DFAB6B1A7610AE00F69205 /* libavdevice.a in Frameworks */,
				80DFAB711A7610AE00F69205 /* libswresample.a in Frameworks */,
				80DFAB6F1A7610AE00F69205 /* libavutil.a in Frameworks */,
				807BCBB31AC2A015007E23E2 /* DJISDK.framework in Frameworks */,
				80DFAB701A7610AE00F69205 /* libpostproc.a in Frameworks */,
				80DFAB6A1A7610AE00F69205 /* libavcodec.a in Frameworks */,
				19922B0F0F9E0D6D0210F475 /* libPods.a in Frameworks */,
			);
			runOnlyForDeploymentPostprocessing = 0;
		};
		80DFAAE61A760CE100F69205 /* Frameworks */ = {
			isa = PBXFrameworksBuildPhase;
			buildActionMask = 2147483647;
			files = (
			);
			runOnlyForDeploymentPostprocessing = 0;
		};
/* End PBXFrameworksBuildPhase section */

/* Begin PBXGroup section */
		801F7A0C1AD384440095BE17 /* Strap Button */ = {
			isa = PBXGroup;
			children = (
				801F7A041AD384390095BE17 /* FontAwesome.ttf */,
				801F7A051AD384390095BE17 /* NSString+FontAwesome.h */,
				801F7A061AD384390095BE17 /* NSString+FontAwesome.m */,
				801F7A071AD384390095BE17 /* UIButton+Bootstrap.h */,
				801F7A081AD384390095BE17 /* UIButton+Bootstrap.m */,
			);
			name = "Strap Button";
			sourceTree = "<group>";
		};
		80DFAAC71A760CE100F69205 = {
			isa = PBXGroup;
			children = (
				80DFAAD21A760CE100F69205 /* ExVision */,
				80DFAAEC1A760CE100F69205 /* ExVisionTests */,
				80DFAAD11A760CE100F69205 /* Products */,
				8F7C7D52178A372338C55201 /* Pods */,
				A5B2E27553CCD51B490E0AA7 /* Frameworks */,
			);
			sourceTree = "<group>";
		};
		80DFAAD11A760CE100F69205 /* Products */ = {
			isa = PBXGroup;
			children = (
				80DFAAD01A760CE100F69205 /* ExVision.app */,
				80DFAAE91A760CE100F69205 /* ExVisionTests.xctest */,
			);
			name = Products;
			sourceTree = "<group>";
		};
		80DFAAD21A760CE100F69205 /* ExVision */ = {
			isa = PBXGroup;
			children = (
				80F34ACC1ADCFABC007473A4 /* CaptureButton.h */,
				80F34ACD1ADCFABC007473A4 /* CaptureButton.m */,
				80F34ACF1ADD10EE007473A4 /* CircleView.h */,
				80F34AD01ADD10EE007473A4 /* CircleView.m */,
				8090FAB71ACD12470011D83C /* ProcessController.h */,
				807C68FF1AE62D2C002C9341 /* ProcessController.m */,
				80DFAAD71A760CE100F69205 /* AppDelegate.h */,
				80DFAAD81A760CE100F69205 /* AppDelegate.mm */,
				807019271A762CEB00B599C0 /* CameraView.h */,
				807019281A762CEB00B599C0 /* CameraView.m */,
				801F7A0D1AD3B3630095BE17 /* HelpViewController.h */,
				801F7A0E1AD3B3630095BE17 /* HelpViewController.m */,
				80E4E7671ADFA87700157EE0 /* Settings.h */,
				80E4E7681ADFA87700157EE0 /* Settings.m */,
				80E4E76A1ADFB15700157EE0 /* PresentingAnimationController.h */,
				80E4E76B1ADFB15700157EE0 /* PresentingAnimationController.m */,
				80E4E76D1ADFB1C900157EE0 /* DismissingAnimationController.h */,
				80E4E76E1ADFB1C900157EE0 /* DismissingAnimationController.m */,
				80DFAADD1A760CE100F69205 /* Main.storyboard */,
				80DFAAE01A760CE100F69205 /* Images.xcassets */,
				80DFAAE21A760CE100F69205 /* LaunchScreen.xib */,
				80DFAAD31A760CE100F69205 /* Supporting Files */,
			);
			path = ExVision;
			sourceTree = "<group>";
		};
		80DFAAD31A760CE100F69205 /* Supporting Files */ = {
			isa = PBXGroup;
			children = (
				80241B961AEF59D90064309D /* 1.JPG */,
				80241B971AEF59D90064309D /* 2.JPG */,
				80241B981AEF59D90064309D /* 3.JPG */,
				80241B991AEF59D90064309D /* 4.JPG */,
				80241B9A1AEF59D90064309D /* 5.JPG */,
				80241B9B1AEF59D90064309D /* 6.JPG */,
				80241B9C1AEF59D90064309D /* 7.JPG */,
				8005A9D61AE6370700A1822F /* image.jpg */,
				807C68FD1AE626C9002C9341 /* test.JPG */,
				8090FAF71ACD2E6B0011D83C /* libjpeg.a */,
				8090FAF81ACD2E6B0011D83C /* libMagickCore.a */,
				8090FAF91ACD2E6B0011D83C /* libMagickWand.a */,
				8090FAFA1ACD2E6B0011D83C /* libpng.a */,
				8090FAFB1ACD2E6B0011D83C /* libtiff.a */,
				801F7A0C1AD384440095BE17 /* Strap Button */,
				8090FB051ACD31E10011D83C /* IM */,
				8090FAD01ACD2BD70011D83C /* UIImage+OpenCV.h */,
				8090FAD11ACD2BD70011D83C /* UIImage+OpenCV.mm */,
				8090FAD21ACD2BD70011D83C /* CVWrapper.h */,
				8090FAD31ACD2BD70011D83C /* CVWrapper.mm */,
				8090FAD41ACD2BD70011D83C /* stitching.cpp */,
				8090FAD51ACD2BD70011D83C /* stitching.h */,
				8090FABC1ACD2B8A0011D83C /* Accelerate.framework */,
				8090FABD1ACD2B8A0011D83C /* AssetsLibrary.framework */,
				8090FABE1ACD2B8A0011D83C /* AVFoundation.framework */,
				8090FABF1ACD2B8A0011D83C /* CoreGraphics.framework */,
				8090FAC01ACD2B8B0011D83C /* CoreImage.framework */,
				8090FAC11ACD2B8B0011D83C /* CoreMedia.framework */,
				8090FAC21ACD2B8B0011D83C /* ImageIO.framework */,
				8090FAC31ACD2B8B0011D83C /* libxml2.dylib */,
				8090FAC41ACD2B8B0011D83C /* QuartzCore.framework */,
				8090FABA1ACD2B000011D83C /* opencv2.framework */,
				807BCBB21AC2A015007E23E2 /* DJISDK.framework */,
				80DFAAFD1A7610AE00F69205 /* VideoPreviewer */,
				80DFAB761A7610F200F69205 /* libiconv.dylib */,
				80DFAAFB1A76100C00F69205 /* libz.dylib */,
				80DFAAD41A760CE100F69205 /* Info.plist */,
				80DFAAD51A760CE100F69205 /* main.m */,
			);
			name = "Supporting Files";
			sourceTree = "<group>";
		};
		80DFAAEC1A760CE100F69205 /* ExVisionTests */ = {
			isa = PBXGroup;
			children = (
				80DFAAEF1A760CE100F69205 /* ExVisionTests.m */,
				80DFAAED1A760CE100F69205 /* Supporting Files */,
			);
			path = ExVisionTests;
			sourceTree = "<group>";
		};
		80DFAAED1A760CE100F69205 /* Supporting Files */ = {
			isa = PBXGroup;
			children = (
				80DFAAEE1A760CE100F69205 /* Info.plist */,
			);
			name = "Supporting Files";
			sourceTree = "<group>";
		};
		80DFAAFD1A7610AE00F69205 /* VideoPreviewer */ = {
			isa = PBXGroup;
			children = (
				80DFAAFE1A7610AE00F69205 /* DJIDispatch.h */,
				80DFAAFF1A7610AE00F69205 /* DJIDispatch.m */,
				80DFAB001A7610AE00F69205 /* DJILinkQueue.h */,
				80DFAB011A7610AE00F69205 /* DJILinkQueue.m */,
				80DFAB021A7610AE00F69205 /* ffmpeg */,
				80DFAB621A7610AE00F69205 /* MovieGLView.h */,
				80DFAB631A7610AE00F69205 /* MovieGLView.m */,
				80DFAB641A7610AE00F69205 /* VideoFrameExtractor.h */,
				80DFAB651A7610AE00F69205 /* VideoFrameExtractor.m */,
				80DFAB661A7610AE00F69205 /* VideoPreviewer.h */,
				80DFAB671A7610AE00F69205 /* VideoPreviewer.m */,
			);
			path = VideoPreviewer;
			sourceTree = "<group>";
		};
		80DFAB021A7610AE00F69205 /* ffmpeg */ = {
			isa = PBXGroup;
			children = (
				80DFAB031A7610AE00F69205 /* include */,
				80DFAB581A7610AE00F69205 /* lib */,
			);
			path = ffmpeg;
			sourceTree = "<group>";
		};
		80DFAB031A7610AE00F69205 /* include */ = {
			isa = PBXGroup;
			children = (
				80DFAB041A7610AE00F69205 /* libavcodec */,
				80DFAB0E1A7610AE00F69205 /* libavdevice */,
				80DFAB111A7610AE00F69205 /* libavfilter */,
				80DFAB191A7610AE00F69205 /* libavformat */,
				80DFAB1D1A7610AE00F69205 /* libavresample */,
				80DFAB201A7610AE00F69205 /* libavutil */,
				80DFAB4F1A7610AE00F69205 /* libpostproc */,
				80DFAB521A7610AE00F69205 /* libswresample */,
				80DFAB551A7610AE00F69205 /* libswscale */,
			);
			path = include;
			sourceTree = "<group>";
		};
		80DFAB041A7610AE00F69205 /* libavcodec */ = {
			isa = PBXGroup;
			children = (
				80DFAB051A7610AE00F69205 /* avcodec.h */,
				80DFAB061A7610AE00F69205 /* avfft.h */,
				80DFAB071A7610AE00F69205 /* dxva2.h */,
				80DFAB081A7610AE00F69205 /* old_codec_ids.h */,
				80DFAB091A7610AE00F69205 /* vaapi.h */,
				80DFAB0A1A7610AE00F69205 /* vda.h */,
				80DFAB0B1A7610AE00F69205 /* vdpau.h */,
				80DFAB0C1A7610AE00F69205 /* version.h */,
				80DFAB0D1A7610AE00F69205 /* xvmc.h */,
			);
			path = libavcodec;
			sourceTree = "<group>";
		};
		80DFAB0E1A7610AE00F69205 /* libavdevice */ = {
			isa = PBXGroup;
			children = (
				80DFAB0F1A7610AE00F69205 /* avdevice.h */,
				80DFAB101A7610AE00F69205 /* version.h */,
			);
			path = libavdevice;
			sourceTree = "<group>";
		};
		80DFAB111A7610AE00F69205 /* libavfilter */ = {
			isa = PBXGroup;
			children = (
				80DFAB121A7610AE00F69205 /* asrc_abuffer.h */,
				80DFAB131A7610AE00F69205 /* avcodec.h */,
				80DFAB141A7610AE00F69205 /* avfilter.h */,
				80DFAB151A7610AE00F69205 /* avfiltergraph.h */,
				80DFAB161A7610AE00F69205 /* buffersink.h */,
				80DFAB171A7610AE00F69205 /* buffersrc.h */,
				80DFAB181A7610AE00F69205 /* version.h */,
			);
			path = libavfilter;
			sourceTree = "<group>";
		};
		80DFAB191A7610AE00F69205 /* libavformat */ = {
			isa = PBXGroup;
			children = (
				80DFAB1A1A7610AE00F69205 /* avformat.h */,
				80DFAB1B1A7610AE00F69205 /* avio.h */,
				80DFAB1C1A7610AE00F69205 /* version.h */,
			);
			path = libavformat;
			sourceTree = "<group>";
		};
		80DFAB1D1A7610AE00F69205 /* libavresample */ = {
			isa = PBXGroup;
			children = (
				80DFAB1E1A7610AE00F69205 /* avresample.h */,
				80DFAB1F1A7610AE00F69205 /* version.h */,
			);
			path = libavresample;
			sourceTree = "<group>";
		};
		80DFAB201A7610AE00F69205 /* libavutil */ = {
			isa = PBXGroup;
			children = (
				80DFAB211A7610AE00F69205 /* adler32.h */,
				80DFAB221A7610AE00F69205 /* aes.h */,
				80DFAB231A7610AE00F69205 /* attributes.h */,
				80DFAB241A7610AE00F69205 /* audio_fifo.h */,
				80DFAB251A7610AE00F69205 /* audioconvert.h */,
				80DFAB261A7610AE00F69205 /* avassert.h */,
				80DFAB271A7610AE00F69205 /* avconfig.h */,
				80DFAB281A7610AE00F69205 /* avstring.h */,
				80DFAB291A7610AE00F69205 /* avutil.h */,
				80DFAB2A1A7610AE00F69205 /* base64.h */,
				80DFAB2B1A7610AE00F69205 /* blowfish.h */,
				80DFAB2C1A7610AE00F69205 /* bprint.h */,
				80DFAB2D1A7610AE00F69205 /* bswap.h */,
				80DFAB2E1A7610AE00F69205 /* channel_layout.h */,
				80DFAB2F1A7610AE00F69205 /* common.h */,
				80DFAB301A7610AE00F69205 /* cpu.h */,
				80DFAB311A7610AE00F69205 /* crc.h */,
				80DFAB321A7610AE00F69205 /* dict.h */,
				80DFAB331A7610AE00F69205 /* error.h */,
				80DFAB341A7610AE00F69205 /* eval.h */,
				80DFAB351A7610AE00F69205 /* fifo.h */,
				80DFAB361A7610AE00F69205 /* file.h */,
				80DFAB371A7610AE00F69205 /* hmac.h */,
				80DFAB381A7610AE00F69205 /* imgutils.h */,
				80DFAB391A7610AE00F69205 /* intfloat.h */,
				80DFAB3A1A7610AE00F69205 /* intfloat_readwrite.h */,
				80DFAB3B1A7610AE00F69205 /* intreadwrite.h */,
				80DFAB3C1A7610AE00F69205 /* lfg.h */,
				80DFAB3D1A7610AE00F69205 /* log.h */,
				80DFAB3E1A7610AE00F69205 /* mathematics.h */,
				80DFAB3F1A7610AE00F69205 /* md5.h */,
				80DFAB401A7610AE00F69205 /* mem.h */,
				80DFAB411A7610AE00F69205 /* old_pix_fmts.h */,
				80DFAB421A7610AE00F69205 /* opt.h */,
				80DFAB431A7610AE00F69205 /* parseutils.h */,
				80DFAB441A7610AE00F69205 /* pixdesc.h */,
				80DFAB451A7610AE00F69205 /* pixfmt.h */,
				80DFAB461A7610AE00F69205 /* random_seed.h */,
				80DFAB471A7610AE00F69205 /* rational.h */,
				80DFAB481A7610AE00F69205 /* samplefmt.h */,
				80DFAB491A7610AE00F69205 /* sha.h */,
				80DFAB4A1A7610AE00F69205 /* time.h */,
				80DFAB4B1A7610AE00F69205 /* timecode.h */,
				80DFAB4C1A7610AE00F69205 /* timestamp.h */,
				80DFAB4D1A7610AE00F69205 /* version.h */,
				80DFAB4E1A7610AE00F69205 /* xtea.h */,
			);
			path = libavutil;
			sourceTree = "<group>";
		};
		80DFAB4F1A7610AE00F69205 /* libpostproc */ = {
			isa = PBXGroup;
			children = (
				80DFAB501A7610AE00F69205 /* postprocess.h */,
				80DFAB511A7610AE00F69205 /* version.h */,
			);
			path = libpostproc;
			sourceTree = "<group>";
		};
		80DFAB521A7610AE00F69205 /* libswresample */ = {
			isa = PBXGroup;
			children = (
				80DFAB531A7610AE00F69205 /* swresample.h */,
				80DFAB541A7610AE00F69205 /* version.h */,
			);
			path = libswresample;
			sourceTree = "<group>";
		};
		80DFAB551A7610AE00F69205 /* libswscale */ = {
			isa = PBXGroup;
			children = (
				80DFAB561A7610AE00F69205 /* swscale.h */,
				80DFAB571A7610AE00F69205 /* version.h */,
			);
			path = libswscale;
			sourceTree = "<group>";
		};
		80DFAB581A7610AE00F69205 /* lib */ = {
			isa = PBXGroup;
			children = (
				80DFAB591A7610AE00F69205 /* libavcodec.a */,
				80DFAB5A1A7610AE00F69205 /* libavdevice.a */,
				80DFAB5B1A7610AE00F69205 /* libavfilter.a */,
				80DFAB5C1A7610AE00F69205 /* libavformat.a */,
				80DFAB5D1A7610AE00F69205 /* libavresample.a */,
				80DFAB5E1A7610AE00F69205 /* libavutil.a */,
				80DFAB5F1A7610AE00F69205 /* libpostproc.a */,
				80DFAB601A7610AE00F69205 /* libswresample.a */,
				80DFAB611A7610AE00F69205 /* libswscale.a */,
			);
			path = lib;
			sourceTree = "<group>";
		};
		8F7C7D52178A372338C55201 /* Pods */ = {
			isa = PBXGroup;
			children = (
				20F61F7DB9B3F6A1A9947D0D /* Pods.debug.xcconfig */,
				F4F1C3B4AEEFBE73DC53D1B0 /* Pods.release.xcconfig */,
			);
			name = Pods;
			sourceTree = "<group>";
		};
		A5B2E27553CCD51B490E0AA7 /* Frameworks */ = {
			isa = PBXGroup;
			children = (
				FD413A25A05B885DF0489769 /* libPods.a */,
			);
			name = Frameworks;
			sourceTree = "<group>";
		};
/* End PBXGroup section */

/* Begin PBXNativeTarget section */
		80DFAACF1A760CE100F69205 /* ExVision */ = {
			isa = PBXNativeTarget;
			buildConfigurationList = 80DFAAF31A760CE100F69205 /* Build configuration list for PBXNativeTarget "ExVision" */;
			buildPhases = (
				7AD776B03E580EEF659D1A4C /* Check Pods Manifest.lock */,
				80DFAACC1A760CE100F69205 /* Sources */,
				80DFAACD1A760CE100F69205 /* Frameworks */,
				80DFAACE1A760CE100F69205 /* Resources */,
				274754D1D6CB1D3B3B760FB6 /* Copy Pods Resources */,
			);
			buildRules = (
			);
			dependencies = (
			);
			name = ExVision;
			productName = ExVision;
			productReference = 80DFAAD01A760CE100F69205 /* ExVision.app */;
			productType = "com.apple.product-type.application";
		};
		80DFAAE81A760CE100F69205 /* ExVisionTests */ = {
			isa = PBXNativeTarget;
			buildConfigurationList = 80DFAAF61A760CE100F69205 /* Build configuration list for PBXNativeTarget "ExVisionTests" */;
			buildPhases = (
				80DFAAE51A760CE100F69205 /* Sources */,
				80DFAAE61A760CE100F69205 /* Frameworks */,
				80DFAAE71A760CE100F69205 /* Resources */,
			);
			buildRules = (
			);
			dependencies = (
				80DFAAEB1A760CE100F69205 /* PBXTargetDependency */,
			);
			name = ExVisionTests;
			productName = ExVisionTests;
			productReference = 80DFAAE91A760CE100F69205 /* ExVisionTests.xctest */;
			productType = "com.apple.product-type.bundle.unit-test";
		};
/* End PBXNativeTarget section */

/* Begin PBXProject section */
		80DFAAC81A760CE100F69205 /* Project object */ = {
			isa = PBXProject;
			attributes = {
				LastUpgradeCheck = 0610;
				ORGANIZATIONNAME = "Jinah Adam";
				TargetAttributes = {
					80DFAACF1A760CE100F69205 = {
						CreatedOnToolsVersion = 6.1.1;
					};
					80DFAAE81A760CE100F69205 = {
						CreatedOnToolsVersion = 6.1.1;
						TestTargetID = 80DFAACF1A760CE100F69205;
					};
				};
			};
			buildConfigurationList = 80DFAACB1A760CE100F69205 /* Build configuration list for PBXProject "ExVision" */;
			compatibilityVersion = "Xcode 3.2";
			developmentRegion = English;
			hasScannedForEncodings = 0;
			knownRegions = (
				en,
				Base,
			);
			mainGroup = 80DFAAC71A760CE100F69205;
			productRefGroup = 80DFAAD11A760CE100F69205 /* Products */;
			projectDirPath = "";
			projectRoot = "";
			targets = (
				80DFAACF1A760CE100F69205 /* ExVision */,
				80DFAAE81A760CE100F69205 /* ExVisionTests */,
			);
		};
/* End PBXProject section */

/* Begin PBXResourcesBuildPhase section */
		80DFAACE1A760CE100F69205 /* Resources */ = {
			isa = PBXResourcesBuildPhase;
			buildActionMask = 2147483647;
			files = (
				80241BA01AEF59D90064309D /* 4.JPG in Resources */,
				80241B9E1AEF59D90064309D /* 2.JPG in Resources */,
				8005A9D71AE6370700A1822F /* image.jpg in Resources */,
				8090FB061ACD31E10011D83C /* IM in Resources */,
				80241B9F1AEF59D90064309D /* 3.JPG in Resources */,
				807C68FE1AE626C9002C9341 /* test.JPG in Resources */,
				801F7A091AD384390095BE17 /* FontAwesome.ttf in Resources */,
				80241BA21AEF59D90064309D /* 6.JPG in Resources */,
				80DFAADF1A760CE100F69205 /* Main.storyboard in Resources */,
				80241B9D1AEF59D90064309D /* 1.JPG in Resources */,
				80241BA11AEF59D90064309D /* 5.JPG in Resources */,
				80DFAAE41A760CE100F69205 /* LaunchScreen.xib in Resources */,
				80DFAAE11A760CE100F69205 /* Images.xcassets in Resources */,
				80241BA31AEF59D90064309D /* 7.JPG in Resources */,
			);
			runOnlyForDeploymentPostprocessing = 0;
		};
		80DFAAE71A760CE100F69205 /* Resources */ = {
			isa = PBXResourcesBuildPhase;
			buildActionMask = 2147483647;
			files = (
			);
			runOnlyForDeploymentPostprocessing = 0;
		};
/* End PBXResourcesBuildPhase section */

/* Begin PBXShellScriptBuildPhase section */
		274754D1D6CB1D3B3B760FB6 /* Copy Pods Resources */ = {
			isa = PBXShellScriptBuildPhase;
			buildActionMask = 2147483647;
			files = (
			);
			inputPaths = (
			);
			name = "Copy Pods Resources";
			outputPaths = (
			);
			runOnlyForDeploymentPostprocessing = 0;
			shellPath = /bin/sh;
			shellScript = "\"${SRCROOT}/Pods/Target Support Files/Pods/Pods-resources.sh\"\n";
			showEnvVarsInLog = 0;
		};
		7AD776B03E580EEF659D1A4C /* Check Pods Manifest.lock */ = {
			isa = PBXShellScriptBuildPhase;
			buildActionMask = 2147483647;
			files = (
			);
			inputPaths = (
			);
			name = "Check Pods Manifest.lock";
			outputPaths = (
			);
			runOnlyForDeploymentPostprocessing = 0;
			shellPath = /bin/sh;
			shellScript = "diff \"${PODS_ROOT}/../Podfile.lock\" \"${PODS_ROOT}/Manifest.lock\" > /dev/null\nif [[ $? != 0 ]] ; then\n    cat << EOM\nerror: The sandbox is not in sync with the Podfile.lock. Run 'pod install' or update your CocoaPods installation.\nEOM\n    exit 1\nfi\n";
			showEnvVarsInLog = 0;
		};
/* End PBXShellScriptBuildPhase section */

/* Begin PBXSourcesBuildPhase section */
		80DFAACC1A760CE100F69205 /* Sources */ = {
			isa = PBXSourcesBuildPhase;
			buildActionMask = 2147483647;
			files = (
				801F7A0A1AD384390095BE17 /* NSString+FontAwesome.m in Sources */,
				807C69001AE62D2C002C9341 /* ProcessController.m in Sources */,
				80DFAB691A7610AE00F69205 /* DJILinkQueue.m in Sources */,
				80E4E7691ADFA87700157EE0 /* Settings.m in Sources */,
				80F34AD11ADD10EE007473A4 /* CircleView.m in Sources */,
				80DFAAD91A760CE100F69205 /* AppDelegate.mm in Sources */,
				8090FAD81ACD2BD70011D83C /* stitching.cpp in Sources */,
				80DFAB751A7610AE00F69205 /* VideoPreviewer.m in Sources */,
				80DFAAD61A760CE100F69205 /* main.m in Sources */,
				80E4E76F1ADFB1C900157EE0 /* DismissingAnimationController.m in Sources */,
				8090FAD71ACD2BD70011D83C /* CVWrapper.mm in Sources */,
				80DFAB741A7610AE00F69205 /* VideoFrameExtractor.m in Sources */,
				807019291A762CEB00B599C0 /* CameraView.m in Sources */,
				80DFAB731A7610AE00F69205 /* MovieGLView.m in Sources */,
				801F7A0B1AD384390095BE17 /* UIButton+Bootstrap.m in Sources */,
				80F34ACE1ADCFABC007473A4 /* CaptureButton.m in Sources */,
				80E4E76C1ADFB15700157EE0 /* PresentingAnimationController.m in Sources */,
				801F7A0F1AD3B3630095BE17 /* HelpViewController.m in Sources */,
				80DFAB681A7610AE00F69205 /* DJIDispatch.m in Sources */,
				8090FAD61ACD2BD70011D83C /* UIImage+OpenCV.mm in Sources */,
			);
			runOnlyForDeploymentPostprocessing = 0;
		};
		80DFAAE51A760CE100F69205 /* Sources */ = {
			isa = PBXSourcesBuildPhase;
			buildActionMask = 2147483647;
			files = (
				80DFAAF01A760CE100F69205 /* ExVisionTests.m in Sources */,
			);
			runOnlyForDeploymentPostprocessing = 0;
		};
/* End PBXSourcesBuildPhase section */

/* Begin PBXTargetDependency section */
		80DFAAEB1A760CE100F69205 /* PBXTargetDependency */ = {
			isa = PBXTargetDependency;
			target = 80DFAACF1A760CE100F69205 /* ExVision */;
			targetProxy = 80DFAAEA1A760CE100F69205 /* PBXContainerItemProxy */;
		};
/* End PBXTargetDependency section */

/* Begin PBXVariantGroup section */
		80DFAADD1A760CE100F69205 /* Main.storyboard */ = {
			isa = PBXVariantGroup;
			children = (
				80DFAADE1A760CE100F69205 /* Base */,
			);
			name = Main.storyboard;
			sourceTree = "<group>";
		};
		80DFAAE21A760CE100F69205 /* LaunchScreen.xib */ = {
			isa = PBXVariantGroup;
			children = (
				80DFAAE31A760CE100F69205 /* Base */,
			);
			name = LaunchScreen.xib;
			sourceTree = "<group>";
		};
/* End PBXVariantGroup section */

/* Begin XCBuildConfiguration section */
		80DFAAF11A760CE100F69205 /* Debug */ = {
			isa = XCBuildConfiguration;
			buildSettings = {
				ALWAYS_SEARCH_USER_PATHS = NO;
				CLANG_CXX_LANGUAGE_STANDARD = "gnu++0x";
				CLANG_CXX_LIBRARY = "libc++";
				CLANG_ENABLE_MODULES = YES;
				CLANG_ENABLE_OBJC_ARC = YES;
				CLANG_WARN_BOOL_CONVERSION = YES;
				CLANG_WARN_CONSTANT_CONVERSION = YES;
				CLANG_WARN_DIRECT_OBJC_ISA_USAGE = YES_ERROR;
				CLANG_WARN_EMPTY_BODY = YES;
				CLANG_WARN_ENUM_CONVERSION = YES;
				CLANG_WARN_INT_CONVERSION = YES;
				CLANG_WARN_OBJC_ROOT_CLASS = YES_ERROR;
				CLANG_WARN_UNREACHABLE_CODE = YES;
				CLANG_WARN__DUPLICATE_METHOD_MATCH = YES;
				"CODE_SIGN_IDENTITY[sdk=iphoneos*]" = "iPhone Developer";
				COPY_PHASE_STRIP = NO;
				ENABLE_STRICT_OBJC_MSGSEND = YES;
				GCC_C_LANGUAGE_STANDARD = gnu99;
				GCC_DYNAMIC_NO_PIC = NO;
				GCC_OPTIMIZATION_LEVEL = 0;
				GCC_PREPROCESSOR_DEFINITIONS = (
					"DEBUG=1",
					"$(inherited)",
				);
				GCC_SYMBOLS_PRIVATE_EXTERN = NO;
				GCC_WARN_64_TO_32_BIT_CONVERSION = YES;
				GCC_WARN_ABOUT_RETURN_TYPE = YES_ERROR;
				GCC_WARN_UNDECLARED_SELECTOR = YES;
				GCC_WARN_UNINITIALIZED_AUTOS = YES_AGGRESSIVE;
				GCC_WARN_UNUSED_FUNCTION = YES;
				GCC_WARN_UNUSED_VARIABLE = YES;
				IPHONEOS_DEPLOYMENT_TARGET = 8.1;
				MTL_ENABLE_DEBUG_INFO = YES;
				ONLY_ACTIVE_ARCH = YES;
				SDKROOT = iphoneos;
				TARGETED_DEVICE_FAMILY = "1,2";
			};
			name = Debug;
		};
		80DFAAF21A760CE100F69205 /* Release */ = {
			isa = XCBuildConfiguration;
			buildSettings = {
				ALWAYS_SEARCH_USER_PATHS = NO;
				CLANG_CXX_LANGUAGE_STANDARD = "gnu++0x";
				CLANG_CXX_LIBRARY = "libc++";
				CLANG_ENABLE_MODULES = YES;
				CLANG_ENABLE_OBJC_ARC = YES;
				CLANG_WARN_BOOL_CONVERSION = YES;
				CLANG_WARN_CONSTANT_CONVERSION = YES;
				CLANG_WARN_DIRECT_OBJC_ISA_USAGE = YES_ERROR;
				CLANG_WARN_EMPTY_BODY = YES;
				CLANG_WARN_ENUM_CONVERSION = YES;
				CLANG_WARN_INT_CONVERSION = YES;
				CLANG_WARN_OBJC_ROOT_CLASS = YES_ERROR;
				CLANG_WARN_UNREACHABLE_CODE = YES;
				CLANG_WARN__DUPLICATE_METHOD_MATCH = YES;
				"CODE_SIGN_IDENTITY[sdk=iphoneos*]" = "iPhone Developer";
				COPY_PHASE_STRIP = YES;
				ENABLE_NS_ASSERTIONS = NO;
				ENABLE_STRICT_OBJC_MSGSEND = YES;
				GCC_C_LANGUAGE_STANDARD = gnu99;
				GCC_WARN_64_TO_32_BIT_CONVERSION = YES;
				GCC_WARN_ABOUT_RETURN_TYPE = YES_ERROR;
				GCC_WARN_UNDECLARED_SELECTOR = YES;
				GCC_WARN_UNINITIALIZED_AUTOS = YES_AGGRESSIVE;
				GCC_WARN_UNUSED_FUNCTION = YES;
				GCC_WARN_UNUSED_VARIABLE = YES;
				IPHONEOS_DEPLOYMENT_TARGET = 8.1;
				MTL_ENABLE_DEBUG_INFO = NO;
				SDKROOT = iphoneos;
				TARGETED_DEVICE_FAMILY = "1,2";
				VALIDATE_PRODUCT = YES;
			};
			name = Release;
		};
		80DFAAF41A760CE100F69205 /* Debug */ = {
			isa = XCBuildConfiguration;
			baseConfigurationReference = 20F61F7DB9B3F6A1A9947D0D /* Pods.debug.xcconfig */;
			buildSettings = {
				ASSETCATALOG_COMPILER_APPICON_NAME = AppIcon;
				FRAMEWORK_SEARCH_PATHS = (
					"$(inherited)",
					"$(PROJECT_DIR)/ExVision/",
				);
				GCC_GENERATE_DEBUGGING_SYMBOLS = NO;
				HEADER_SEARCH_PATHS = (
					"$(inherited)",
					/Applications/Xcode.app/Contents/Developer/Toolchains/XcodeDefault.xctoolchain/usr/include,
					"\"$(SRCROOT)/ExVision/VideoPreviewer/ffmpeg/include\"",
					"\"$(SRCROOT)/IM/include/\"/**",
				);
				INFOPLIST_FILE = ExVision/Info.plist;
				LD_RUNPATH_SEARCH_PATHS = "$(inherited) @executable_path/Frameworks";
				LIBRARY_SEARCH_PATHS = (
					"$(inherited)",
					"$(SRCROOT)",
					"$(PROJECT_DIR)/ExVision/VideoPreviewer/ffmpeg/lib",
					"$(SRCROOT)/IM",
					"$(PROJECT_DIR)/IM",
					"$(PROJECT_DIR)/ExVision/IM",
					"$(PROJECT_DIR)/ExVision",
				);
				OTHER_LDFLAGS = "$(inherited)";
				PRODUCT_NAME = "$(TARGET_NAME)";
				TARGETED_DEVICE_FAMILY = 1;
			};
			name = Debug;
		};
		80DFAAF51A760CE100F69205 /* Release */ = {
			isa = XCBuildConfiguration;
			baseConfigurationReference = F4F1C3B4AEEFBE73DC53D1B0 /* Pods.release.xcconfig */;
			buildSettings = {
				ASSETCATALOG_COMPILER_APPICON_NAME = AppIcon;
				FRAMEWORK_SEARCH_PATHS = (
					"$(inherited)",
					"$(PROJECT_DIR)/ExVision/",
				);
				GCC_GENERATE_DEBUGGING_SYMBOLS = NO;
				HEADER_SEARCH_PATHS = (
					"$(inherited)",
					/Applications/Xcode.app/Contents/Developer/Toolchains/XcodeDefault.xctoolchain/usr/include,
					"\"$(SRCROOT)/ExVision/VideoPreviewer/ffmpeg/include\"",
					"\"$(SRCROOT)/IM/include/\"/**",
				);
				INFOPLIST_FILE = ExVision/Info.plist;
				LD_RUNPATH_SEARCH_PATHS = "$(inherited) @executable_path/Frameworks";
				LIBRARY_SEARCH_PATHS = (
					"$(inherited)",
					"$(SRCROOT)",
					"$(PROJECT_DIR)/ExVision/VideoPreviewer/ffmpeg/lib",
					"$(SRCROOT)/IM",
					"$(PROJECT_DIR)/IM",
					"$(PROJECT_DIR)/ExVision/IM",
					"$(PROJECT_DIR)/ExVision",
				);
				OTHER_LDFLAGS = "$(inherited)";
				PRODUCT_NAME = "$(TARGET_NAME)";
				TARGETED_DEVICE_FAMILY = 1;
			};
			name = Release;
		};
		80DFAAF71A760CE100F69205 /* Debug */ = {
			isa = XCBuildConfiguration;
			buildSettings = {
				BUNDLE_LOADER = "$(TEST_HOST)";
				FRAMEWORK_SEARCH_PATHS = (
					"$(SDKROOT)/Developer/Library/Frameworks",
					"$(inherited)",
				);
				GCC_PREPROCESSOR_DEFINITIONS = (
					"DEBUG=1",
					"$(inherited)",
				);
				INFOPLIST_FILE = ExVisionTests/Info.plist;
				LD_RUNPATH_SEARCH_PATHS = "$(inherited) @executable_path/Frameworks @loader_path/Frameworks";
				PRODUCT_NAME = "$(TARGET_NAME)";
				TEST_HOST = "$(BUILT_PRODUCTS_DIR)/ExVision.app/ExVision";
			};
			name = Debug;
		};
		80DFAAF81A760CE100F69205 /* Release */ = {
			isa = XCBuildConfiguration;
			buildSettings = {
				BUNDLE_LOADER = "$(TEST_HOST)";
				FRAMEWORK_SEARCH_PATHS = (
					"$(SDKROOT)/Developer/Library/Frameworks",
					"$(inherited)",
				);
				INFOPLIST_FILE = ExVisionTests/Info.plist;
				LD_RUNPATH_SEARCH_PATHS = "$(inherited) @executable_path/Frameworks @loader_path/Frameworks";
				PRODUCT_NAME = "$(TARGET_NAME)";
				TEST_HOST = "$(BUILT_PRODUCTS_DIR)/ExVision.app/ExVision";
			};
			name = Release;
		};
/* End XCBuildConfiguration section */

/* Begin XCConfigurationList section */
		80DFAACB1A760CE100F69205 /* Build configuration list for PBXProject "ExVision" */ = {
			isa = XCConfigurationList;
			buildConfigurations = (
				80DFAAF11A760CE100F69205 /* Debug */,
				80DFAAF21A760CE100F69205 /* Release */,
			);
			defaultConfigurationIsVisible = 0;
			defaultConfigurationName = Release;
		};
		80DFAAF31A760CE100F69205 /* Build configuration list for PBXNativeTarget "ExVision" */ = {
			isa = XCConfigurationList;
			buildConfigurations = (
				80DFAAF41A760CE100F69205 /* Debug */,
				80DFAAF51A760CE100F69205 /* Release */,
			);
			defaultConfigurationIsVisible = 0;
			defaultConfigurationName = Release;
		};
		80DFAAF61A760CE100F69205 /* Build configuration list for PBXNativeTarget "ExVisionTests" */ = {
			isa = XCConfigurationList;
			buildConfigurations = (
				80DFAAF71A760CE100F69205 /* Debug */,
				80DFAAF81A760CE100F69205 /* Release */,
			);
			defaultConfigurationIsVisible = 0;
			defaultConfigurationName = Release;
		};
/* End XCConfigurationList section */
	};
	rootObject = 80DFAAC81A760CE100F69205 /* Project object */;
}
