// !$*UTF8*$!
{
	archiveVersion = 1;
	classes = {
	};
	objectVersion = 46;
	objects = {

/* Begin PBXBuildFile section */
		80DFAAD61A760CE100F69205 /* main.m in Sources */ = {isa = PBXBuildFile; fileRef = 80DFAAD51A760CE100F69205 /* main.m */; };
		80DFAAD91A760CE100F69205 /* AppDelegate.m in Sources */ = {isa = PBXBuildFile; fileRef = 80DFAAD81A760CE100F69205 /* AppDelegate.m */; };
		80DFAADC1A760CE100F69205 /* ViewController.m in Sources */ = {isa = PBXBuildFile; fileRef = 80DFAADB1A760CE100F69205 /* ViewController.m */; };
		80DFAADF1A760CE100F69205 /* Main.storyboard in Resources */ = {isa = PBXBuildFile; fileRef = 80DFAADD1A760CE100F69205 /* Main.storyboard */; };
		80DFAAE11A760CE100F69205 /* Images.xcassets in Resources */ = {isa = PBXBuildFile; fileRef = 80DFAAE01A760CE100F69205 /* Images.xcassets */; };
		80DFAAE41A760CE100F69205 /* LaunchScreen.xib in Resources */ = {isa = PBXBuildFile; fileRef = 80DFAAE21A760CE100F69205 /* LaunchScreen.xib */; };
		80DFAAF01A760CE100F69205 /* ExVisionTests.m in Sources */ = {isa = PBXBuildFile; fileRef = 80DFAAEF1A760CE100F69205 /* ExVisionTests.m */; };
/* End PBXBuildFile section */

/* Begin PBXContainerItemProxy section */
		80DFAAEA1A760CE100F69205 /* PBXContainerItemProxy */ = {
			isa = PBXContainerItemProxy;
			containerPortal = 80DFAAC81A760CE100F69205 /* Project object */;
			proxyType = 1;
			remoteGlobalIDString = 80DFAACF1A760CE100F69205;
			remoteInfo = ExVision;
		};
/* End PBXContainerItemProxy section */

/* Begin PBXFileReference section */
		80DFAAD01A760CE100F69205 /* ExVision.app */ = {isa = PBXFileReference; explicitFileType = wrapper.application; includeInIndex = 0; path = ExVision.app; sourceTree = BUILT_PRODUCTS_DIR; };
		80DFAAD41A760CE100F69205 /* Info.plist */ = {isa = PBXFileReference; lastKnownFileType = text.plist.xml; path = Info.plist; sourceTree = "<group>"; };
		80DFAAD51A760CE100F69205 /* main.m */ = {isa = PBXFileReference; lastKnownFileType = sourcecode.c.objc; path = main.m; sourceTree = "<group>"; };
		80DFAAD71A760CE100F69205 /* AppDelegate.h */ = {isa = PBXFileReference; lastKnownFileType = sourcecode.c.h; path = AppDelegate.h; sourceTree = "<group>"; };
		80DFAAD81A760CE100F69205 /* AppDelegate.m */ = {isa = PBXFileReference; lastKnownFileType = sourcecode.c.objc; path = AppDelegate.m; sourceTree = "<group>"; };
		80DFAADA1A760CE100F69205 /* ViewController.h */ = {isa = PBXFileReference; lastKnownFileType = sourcecode.c.h; path = ViewController.h; sourceTree = "<group>"; };
		80DFAADB1A760CE100F69205 /* ViewController.m */ = {isa = PBXFileReference; lastKnownFileType = sourcecode.c.objc; path = ViewController.m; sourceTree = "<group>"; };
		80DFAADE1A760CE100F69205 /* Base */ = {isa = PBXFileReference; lastKnownFileType = file.storyboard; name = Base; path = Base.lproj/Main.storyboard; sourceTree = "<group>"; };
		80DFAAE01A760CE100F69205 /* Images.xcassets */ = {isa = PBXFileReference; lastKnownFileType = folder.assetcatalog; path = Images.xcassets; sourceTree = "<group>"; };
		80DFAAE31A760CE100F69205 /* Base */ = {isa = PBXFileReference; lastKnownFileType = file.xib; name = Base; path = Base.lproj/LaunchScreen.xib; sourceTree = "<group>"; };
		80DFAAE91A760CE100F69205 /* ExVisionTests.xctest */ = {isa = PBXFileReference; explicitFileType = wrapper.cfbundle; includeInIndex = 0; path = ExVisionTests.xctest; sourceTree = BUILT_PRODUCTS_DIR; };
		80DFAAEE1A760CE100F69205 /* Info.plist */ = {isa = PBXFileReference; lastKnownFileType = text.plist.xml; path = Info.plist; sourceTree = "<group>"; };
		80DFAAEF1A760CE100F69205 /* ExVisionTests.m */ = {isa = PBXFileReference; lastKnownFileType = sourcecode.c.objc; path = ExVisionTests.m; sourceTree = "<group>"; };
/* End PBXFileReference section */

/* Begin PBXFrameworksBuildPhase section */
		80DFAACD1A760CE100F69205 /* Frameworks */ = {
			isa = PBXFrameworksBuildPhase;
			buildActionMask = 2147483647;
			files = (
			);
			runOnlyForDeploymentPostprocessing = 0;
		};
		80DFAAE61A760CE100F69205 /* Frameworks */ = {
			isa = PBXFrameworksBuildPhase;
			buildActionMask = 2147483647;
			files = (
			);
			runOnlyForDeploymentPostprocessing = 0;
		};
/* End PBXFrameworksBuildPhase section */

/* Begin PBXGroup section */
		80DFAAC71A760CE100F69205 = {
			isa = PBXGroup;
			children = (
				80DFAAD21A760CE100F69205 /* ExVision */,
				80DFAAEC1A760CE100F69205 /* ExVisionTests */,
				80DFAAD11A760CE100F69205 /* Products */,
			);
			sourceTree = "<group>";
		};
		80DFAAD11A760CE100F69205 /* Products */ = {
			isa = PBXGroup;
			children = (
				80DFAAD01A760CE100F69205 /* ExVision.app */,
				80DFAAE91A760CE100F69205 /* ExVisionTests.xctest */,
			);
			name = Products;
			sourceTree = "<group>";
		};
		80DFAAD21A760CE100F69205 /* ExVision */ = {
			isa = PBXGroup;
			children = (
				80DFAAD71A760CE100F69205 /* AppDelegate.h */,
				80DFAAD81A760CE100F69205 /* AppDelegate.m */,
				80DFAADA1A760CE100F69205 /* ViewController.h */,
				80DFAADB1A760CE100F69205 /* ViewController.m */,
				80DFAADD1A760CE100F69205 /* Main.storyboard */,
				80DFAAE01A760CE100F69205 /* Images.xcassets */,
				80DFAAE21A760CE100F69205 /* LaunchScreen.xib */,
				80DFAAD31A760CE100F69205 /* Supporting Files */,
			);
			path = ExVision;
			sourceTree = "<group>";
		};
		80DFAAD31A760CE100F69205 /* Supporting Files */ = {
			isa = PBXGroup;
			children = (
				80DFAAD41A760CE100F69205 /* Info.plist */,
				80DFAAD51A760CE100F69205 /* main.m */,
			);
			name = "Supporting Files";
			sourceTree = "<group>";
		};
		80DFAAEC1A760CE100F69205 /* ExVisionTests */ = {
			isa = PBXGroup;
			children = (
				80DFAAEF1A760CE100F69205 /* ExVisionTests.m */,
				80DFAAED1A760CE100F69205 /* Supporting Files */,
			);
			path = ExVisionTests;
			sourceTree = "<group>";
		};
		80DFAAED1A760CE100F69205 /* Supporting Files */ = {
			isa = PBXGroup;
			children = (
				80DFAAEE1A760CE100F69205 /* Info.plist */,
			);
			name = "Supporting Files";
			sourceTree = "<group>";
		};
/* End PBXGroup section */

/* Begin PBXNativeTarget section */
		80DFAACF1A760CE100F69205 /* ExVision */ = {
			isa = PBXNativeTarget;
			buildConfigurationList = 80DFAAF31A760CE100F69205 /* Build configuration list for PBXNativeTarget "ExVision" */;
			buildPhases = (
				80DFAACC1A760CE100F69205 /* Sources */,
				80DFAACD1A760CE100F69205 /* Frameworks */,
				80DFAACE1A760CE100F69205 /* Resources */,
			);
			buildRules = (
			);
			dependencies = (
			);
			name = ExVision;
			productName = ExVision;
			productReference = 80DFAAD01A760CE100F69205 /* ExVision.app */;
			productType = "com.apple.product-type.application";
		};
		80DFAAE81A760CE100F69205 /* ExVisionTests */ = {
			isa = PBXNativeTarget;
			buildConfigurationList = 80DFAAF61A760CE100F69205 /* Build configuration list for PBXNativeTarget "ExVisionTests" */;
			buildPhases = (
				80DFAAE51A760CE100F69205 /* Sources */,
				80DFAAE61A760CE100F69205 /* Frameworks */,
				80DFAAE71A760CE100F69205 /* Resources */,
			);
			buildRules = (
			);
			dependencies = (
				80DFAAEB1A760CE100F69205 /* PBXTargetDependency */,
			);
			name = ExVisionTests;
			productName = ExVisionTests;
			productReference = 80DFAAE91A760CE100F69205 /* ExVisionTests.xctest */;
			productType = "com.apple.product-type.bundle.unit-test";
		};
/* End PBXNativeTarget section */

/* Begin PBXProject section */
		80DFAAC81A760CE100F69205 /* Project object */ = {
			isa = PBXProject;
			attributes = {
				LastUpgradeCheck = 0610;
				ORGANIZATIONNAME = "Jinah Adam";
				TargetAttributes = {
					80DFAACF1A760CE100F69205 = {
						CreatedOnToolsVersion = 6.1.1;
					};
					80DFAAE81A760CE100F69205 = {
						CreatedOnToolsVersion = 6.1.1;
						TestTargetID = 80DFAACF1A760CE100F69205;
					};
				};
			};
			buildConfigurationList = 80DFAACB1A760CE100F69205 /* Build configuration list for PBXProject "ExVision" */;
			compatibilityVersion = "Xcode 3.2";
			developmentRegion = English;
			hasScannedForEncodings = 0;
			knownRegions = (
				en,
				Base,
			);
			mainGroup = 80DFAAC71A760CE100F69205;
			productRefGroup = 80DFAAD11A760CE100F69205 /* Products */;
			projectDirPath = "";
			projectRoot = "";
			targets = (
				80DFAACF1A760CE100F69205 /* ExVision */,
				80DFAAE81A760CE100F69205 /* ExVisionTests */,
			);
		};
/* End PBXProject section */

/* Begin PBXResourcesBuildPhase section */
		80DFAACE1A760CE100F69205 /* Resources */ = {
			isa = PBXResourcesBuildPhase;
			buildActionMask = 2147483647;
			files = (
				80DFAADF1A760CE100F69205 /* Main.storyboard in Resources */,
				80DFAAE41A760CE100F69205 /* LaunchScreen.xib in Resources */,
				80DFAAE11A760CE100F69205 /* Images.xcassets in Resources */,
			);
			runOnlyForDeploymentPostprocessing = 0;
		};
		80DFAAE71A760CE100F69205 /* Resources */ = {
			isa = PBXResourcesBuildPhase;
			buildActionMask = 2147483647;
			files = (
			);
			runOnlyForDeploymentPostprocessing = 0;
		};
/* End PBXResourcesBuildPhase section */

/* Begin PBXSourcesBuildPhase section */
		80DFAACC1A760CE100F69205 /* Sources */ = {
			isa = PBXSourcesBuildPhase;
			buildActionMask = 2147483647;
			files = (
				80DFAADC1A760CE100F69205 /* ViewController.m in Sources */,
				80DFAAD91A760CE100F69205 /* AppDelegate.m in Sources */,
				80DFAAD61A760CE100F69205 /* main.m in Sources */,
			);
			runOnlyForDeploymentPostprocessing = 0;
		};
		80DFAAE51A760CE100F69205 /* Sources */ = {
			isa = PBXSourcesBuildPhase;
			buildActionMask = 2147483647;
			files = (
				80DFAAF01A760CE100F69205 /* ExVisionTests.m in Sources */,
			);
			runOnlyForDeploymentPostprocessing = 0;
		};
/* End PBXSourcesBuildPhase section */

/* Begin PBXTargetDependency section */
		80DFAAEB1A760CE100F69205 /* PBXTargetDependency */ = {
			isa = PBXTargetDependency;
			target = 80DFAACF1A760CE100F69205 /* ExVision */;
			targetProxy = 80DFAAEA1A760CE100F69205 /* PBXContainerItemProxy */;
		};
/* End PBXTargetDependency section */

/* Begin PBXVariantGroup section */
		80DFAADD1A760CE100F69205 /* Main.storyboard */ = {
			isa = PBXVariantGroup;
			children = (
				80DFAADE1A760CE100F69205 /* Base */,
			);
			name = Main.storyboard;
			sourceTree = "<group>";
		};
		80DFAAE21A760CE100F69205 /* LaunchScreen.xib */ = {
			isa = PBXVariantGroup;
			children = (
				80DFAAE31A760CE100F69205 /* Base */,
			);
			name = LaunchScreen.xib;
			sourceTree = "<group>";
		};
/* End PBXVariantGroup section */

/* Begin XCBuildConfiguration section */
		80DFAAF11A760CE100F69205 /* Debug */ = {
			isa = XCBuildConfiguration;
			buildSettings = {
				ALWAYS_SEARCH_USER_PATHS = NO;
				CLANG_CXX_LANGUAGE_STANDARD = "gnu++0x";
				CLANG_CXX_LIBRARY = "libc++";
				CLANG_ENABLE_MODULES = YES;
				CLANG_ENABLE_OBJC_ARC = YES;
				CLANG_WARN_BOOL_CONVERSION = YES;
				CLANG_WARN_CONSTANT_CONVERSION = YES;
				CLANG_WARN_DIRECT_OBJC_ISA_USAGE = YES_ERROR;
				CLANG_WARN_EMPTY_BODY = YES;
				CLANG_WARN_ENUM_CONVERSION = YES;
				CLANG_WARN_INT_CONVERSION = YES;
				CLANG_WARN_OBJC_ROOT_CLASS = YES_ERROR;
				CLANG_WARN_UNREACHABLE_CODE = YES;
				CLANG_WARN__DUPLICATE_METHOD_MATCH = YES;
				"CODE_SIGN_IDENTITY[sdk=iphoneos*]" = "iPhone Developer";
				COPY_PHASE_STRIP = NO;
				ENABLE_STRICT_OBJC_MSGSEND = YES;
				GCC_C_LANGUAGE_STANDARD = gnu99;
				GCC_DYNAMIC_NO_PIC = NO;
				GCC_OPTIMIZATION_LEVEL = 0;
				GCC_PREPROCESSOR_DEFINITIONS = (
					"DEBUG=1",
					"$(inherited)",
				);
				GCC_SYMBOLS_PRIVATE_EXTERN = NO;
				GCC_WARN_64_TO_32_BIT_CONVERSION = YES;
				GCC_WARN_ABOUT_RETURN_TYPE = YES_ERROR;
				GCC_WARN_UNDECLARED_SELECTOR = YES;
				GCC_WARN_UNINITIALIZED_AUTOS = YES_AGGRESSIVE;
				GCC_WARN_UNUSED_FUNCTION = YES;
				GCC_WARN_UNUSED_VARIABLE = YES;
				IPHONEOS_DEPLOYMENT_TARGET = 8.1;
				MTL_ENABLE_DEBUG_INFO = YES;
				ONLY_ACTIVE_ARCH = YES;
				SDKROOT = iphoneos;
				TARGETED_DEVICE_FAMILY = "1,2";
			};
			name = Debug;
		};
		80DFAAF21A760CE100F69205 /* Release */ = {
			isa = XCBuildConfiguration;
			buildSettings = {
				ALWAYS_SEARCH_USER_PATHS = NO;
				CLANG_CXX_LANGUAGE_STANDARD = "gnu++0x";
				CLANG_CXX_LIBRARY = "libc++";
				CLANG_ENABLE_MODULES = YES;
				CLANG_ENABLE_OBJC_ARC = YES;
				CLANG_WARN_BOOL_CONVERSION = YES;
				CLANG_WARN_CONSTANT_CONVERSION = YES;
				CLANG_WARN_DIRECT_OBJC_ISA_USAGE = YES_ERROR;
				CLANG_WARN_EMPTY_BODY = YES;
				CLANG_WARN_ENUM_CONVERSION = YES;
				CLANG_WARN_INT_CONVERSION = YES;
				CLANG_WARN_OBJC_ROOT_CLASS = YES_ERROR;
				CLANG_WARN_UNREACHABLE_CODE = YES;
				CLANG_WARN__DUPLICATE_METHOD_MATCH = YES;
				"CODE_SIGN_IDENTITY[sdk=iphoneos*]" = "iPhone Developer";
				COPY_PHASE_STRIP = YES;
				ENABLE_NS_ASSERTIONS = NO;
				ENABLE_STRICT_OBJC_MSGSEND = YES;
				GCC_C_LANGUAGE_STANDARD = gnu99;
				GCC_WARN_64_TO_32_BIT_CONVERSION = YES;
				GCC_WARN_ABOUT_RETURN_TYPE = YES_ERROR;
				GCC_WARN_UNDECLARED_SELECTOR = YES;
				GCC_WARN_UNINITIALIZED_AUTOS = YES_AGGRESSIVE;
				GCC_WARN_UNUSED_FUNCTION = YES;
				GCC_WARN_UNUSED_VARIABLE = YES;
				IPHONEOS_DEPLOYMENT_TARGET = 8.1;
				MTL_ENABLE_DEBUG_INFO = NO;
				SDKROOT = iphoneos;
				TARGETED_DEVICE_FAMILY = "1,2";
				VALIDATE_PRODUCT = YES;
			};
			name = Release;
		};
		80DFAAF41A760CE100F69205 /* Debug */ = {
			isa = XCBuildConfiguration;
			buildSettings = {
				ASSETCATALOG_COMPILER_APPICON_NAME = AppIcon;
				INFOPLIST_FILE = ExVision/Info.plist;
				LD_RUNPATH_SEARCH_PATHS = "$(inherited) @executable_path/Frameworks";
				PRODUCT_NAME = "$(TARGET_NAME)";
			};
			name = Debug;
		};
		80DFAAF51A760CE100F69205 /* Release */ = {
			isa = XCBuildConfiguration;
			buildSettings = {
				ASSETCATALOG_COMPILER_APPICON_NAME = AppIcon;
				INFOPLIST_FILE = ExVision/Info.plist;
				LD_RUNPATH_SEARCH_PATHS = "$(inherited) @executable_path/Frameworks";
				PRODUCT_NAME = "$(TARGET_NAME)";
			};
			name = Release;
		};
		80DFAAF71A760CE100F69205 /* Debug */ = {
			isa = XCBuildConfiguration;
			buildSettings = {
				BUNDLE_LOADER = "$(TEST_HOST)";
				FRAMEWORK_SEARCH_PATHS = (
					"$(SDKROOT)/Developer/Library/Frameworks",
					"$(inherited)",
				);
				GCC_PREPROCESSOR_DEFINITIONS = (
					"DEBUG=1",
					"$(inherited)",
				);
				INFOPLIST_FILE = ExVisionTests/Info.plist;
				LD_RUNPATH_SEARCH_PATHS = "$(inherited) @executable_path/Frameworks @loader_path/Frameworks";
				PRODUCT_NAME = "$(TARGET_NAME)";
				TEST_HOST = "$(BUILT_PRODUCTS_DIR)/ExVision.app/ExVision";
			};
			name = Debug;
		};
		80DFAAF81A760CE100F69205 /* Release */ = {
			isa = XCBuildConfiguration;
			buildSettings = {
				BUNDLE_LOADER = "$(TEST_HOST)";
				FRAMEWORK_SEARCH_PATHS = (
					"$(SDKROOT)/Developer/Library/Frameworks",
					"$(inherited)",
				);
				INFOPLIST_FILE = ExVisionTests/Info.plist;
				LD_RUNPATH_SEARCH_PATHS = "$(inherited) @executable_path/Frameworks @loader_path/Frameworks";
				PRODUCT_NAME = "$(TARGET_NAME)";
				TEST_HOST = "$(BUILT_PRODUCTS_DIR)/ExVision.app/ExVision";
			};
			name = Release;
		};
/* End XCBuildConfiguration section */

/* Begin XCConfigurationList section */
		80DFAACB1A760CE100F69205 /* Build configuration list for PBXProject "ExVision" */ = {
			isa = XCConfigurationList;
			buildConfigurations = (
				80DFAAF11A760CE100F69205 /* Debug */,
				80DFAAF21A760CE100F69205 /* Release */,
			);
			defaultConfigurationIsVisible = 0;
			defaultConfigurationName = Release;
		};
		80DFAAF31A760CE100F69205 /* Build configuration list for PBXNativeTarget "ExVision" */ = {
			isa = XCConfigurationList;
			buildConfigurations = (
				80DFAAF41A760CE100F69205 /* Debug */,
				80DFAAF51A760CE100F69205 /* Release */,
			);
			defaultConfigurationIsVisible = 0;
		};
		80DFAAF61A760CE100F69205 /* Build configuration list for PBXNativeTarget "ExVisionTests" */ = {
			isa = XCConfigurationList;
			buildConfigurations = (
				80DFAAF71A760CE100F69205 /* Debug */,
				80DFAAF81A760CE100F69205 /* Release */,
			);
			defaultConfigurationIsVisible = 0;
		};
/* End XCConfigurationList section */
	};
	rootObject = 80DFAAC81A760CE100F69205 /* Project object */;
}
